// !$*UTF8*$!
{
	archiveVersion = 1;
	classes = {
	};
	objectVersion = 46;
	objects = {

/* Begin PBXBuildFile section */
		35DF6441138C40D500FF9459 /* UIKit.framework in Frameworks */ = {isa = PBXBuildFile; fileRef = 35DF6440138C40D500FF9459 /* UIKit.framework */; };
		35DF6443138C40D500FF9459 /* Foundation.framework in Frameworks */ = {isa = PBXBuildFile; fileRef = 35DF6442138C40D500FF9459 /* Foundation.framework */; };
		35DF6445138C40D500FF9459 /* CoreGraphics.framework in Frameworks */ = {isa = PBXBuildFile; fileRef = 35DF6444138C40D500FF9459 /* CoreGraphics.framework */; };
		35DF644B138C40D500FF9459 /* InfoPlist.strings in Resources */ = {isa = PBXBuildFile; fileRef = 35DF6449138C40D500FF9459 /* InfoPlist.strings */; };
		35DF644E138C40D500FF9459 /* main.m in Sources */ = {isa = PBXBuildFile; fileRef = 35DF644D138C40D500FF9459 /* main.m */; };
		35DF6451138C40D500FF9459 /* AsteroidsAppDelegate.m in Sources */ = {isa = PBXBuildFile; fileRef = 35DF6450138C40D500FF9459 /* AsteroidsAppDelegate.m */; };
		35DF6454138C40D500FF9459 /* MainWindow.xib in Resources */ = {isa = PBXBuildFile; fileRef = 35DF6452138C40D500FF9459 /* MainWindow.xib */; };
		35DF645E138C427700FF9459 /* QuartzCore.framework in Frameworks */ = {isa = PBXBuildFile; fileRef = 35DF645D138C427700FF9459 /* QuartzCore.framework */; };
		35DF6460138C427E00FF9459 /* OpenGLES.framework in Frameworks */ = {isa = PBXBuildFile; fileRef = 35DF645F138C427E00FF9459 /* OpenGLES.framework */; };
		F33D393017CB2DD80026385A /* Icon-114.png in Resources */ = {isa = PBXBuildFile; fileRef = F33D392F17CB2DD80026385A /* Icon-114.png */; };
		F358A19017CB3BDB00CF776C /* blast.m4a in Resources */ = {isa = PBXBuildFile; fileRef = F358A18E17CB3BDB00CF776C /* blast.m4a */; };
		F358A19117CB3BDB00CF776C /* explosion.m4a in Resources */ = {isa = PBXBuildFile; fileRef = F358A18F17CB3BDB00CF776C /* explosion.m4a */; };
		F358A19517CB908D00CF776C /* death.m4a in Resources */ = {isa = PBXBuildFile; fileRef = F358A19417CB908D00CF776C /* death.m4a */; };
		F374124E17C95E1000AF822B /* VKGLView.m in Sources */ = {isa = PBXBuildFile; fileRef = F374124D17C95E1000AF822B /* VKGLView.m */; };
		F375408A17CB360700B2D482 /* AudioToolbox.framework in Frameworks */ = {isa = PBXBuildFile; fileRef = F375408917CB360700B2D482 /* AudioToolbox.framework */; };
		F375408C17CB368200B2D482 /* AVFoundation.framework in Frameworks */ = {isa = PBXBuildFile; fileRef = F375408B17CB368200B2D482 /* AVFoundation.framework */; };
		F37675FD17CB318400C8DEC4 /* Icon-57.png in Resources */ = {isa = PBXBuildFile; fileRef = F37675FC17CB318400C8DEC4 /* Icon-57.png */; };
		F378EF111A35D0BE00380D03 /* ZIMRingEnumertor.m in Sources */ = {isa = PBXBuildFile; fileRef = F378EF101A35D0BE00380D03 /* ZIMRingEnumertor.m */; };
		F378EF1A1A35FC7700380D03 /* ZIMGameWorldController.m in Sources */ = {isa = PBXBuildFile; fileRef = F378EF191A35FC7700380D03 /* ZIMGameWorldController.m */; };
		F378EF1C1A36298100380D03 /* VKViewController.xib in Resources */ = {isa = PBXBuildFile; fileRef = F378EF1B1A36298100380D03 /* VKViewController.xib */; };
		F378EF1F1A3657CF00380D03 /* UIButton+ZIMAsteroidsButtons.m in Sources */ = {isa = PBXBuildFile; fileRef = F378EF1E1A3657CF00380D03 /* UIButton+ZIMAsteroidsButtons.m */; };
		F378EF221A36601800380D03 /* ZIMAnimationContainerView.m in Sources */ = {isa = PBXBuildFile; fileRef = F378EF211A36601800380D03 /* ZIMAnimationContainerView.m */; };
		F378EF251A366CF200380D03 /* btn_pause@3x.png in Resources */ = {isa = PBXBuildFile; fileRef = F378EF231A366CF200380D03 /* btn_pause@3x.png */; };
		F378EF261A366CF200380D03 /* btn_play@3x.png in Resources */ = {isa = PBXBuildFile; fileRef = F378EF241A366CF200380D03 /* btn_play@3x.png */; };
		F378EF2C1A366D2600380D03 /* btn_pause@2x.png in Resources */ = {isa = PBXBuildFile; fileRef = F378EF281A366D2600380D03 /* btn_pause@2x.png */; };
		F378EF2E1A366D2600380D03 /* btn_play@2x.png in Resources */ = {isa = PBXBuildFile; fileRef = F378EF2A1A366D2600380D03 /* btn_play@2x.png */; };
		F378EF311A366D7600380D03 /* btn_pause.png in Resources */ = {isa = PBXBuildFile; fileRef = F378EF2F1A366D7600380D03 /* btn_pause.png */; };
		F378EF321A366D7600380D03 /* btn_play.png in Resources */ = {isa = PBXBuildFile; fileRef = F378EF301A366D7600380D03 /* btn_play.png */; };
		F38B0ADA17C9EBAD001951BA /* VKViewController.m in Sources */ = {isa = PBXBuildFile; fileRef = F38B0AD917C9EBAD001951BA /* VKViewController.m */; };
		F38B0B7517CA525E001951BA /* CC3Foundation.m in Sources */ = {isa = PBXBuildFile; fileRef = F38B0B3A17CA525E001951BA /* CC3Foundation.m */; };
		F38B0B7617CA525E001951BA /* CC3GLMatrix.m in Sources */ = {isa = PBXBuildFile; fileRef = F38B0B3C17CA525E001951BA /* CC3GLMatrix.m */; };
		F38B0B7717CA525E001951BA /* CC3Kazmath.c in Sources */ = {isa = PBXBuildFile; fileRef = F38B0B3D17CA525E001951BA /* CC3Kazmath.c */; };
		F38B0B7817CA525E001951BA /* CC3Math.m in Sources */ = {isa = PBXBuildFile; fileRef = F38B0B4117CA525E001951BA /* CC3Math.m */; };
		F38B0B7917CA525E001951BA /* SimpleFragment.glsl in Resources */ = {isa = PBXBuildFile; fileRef = F38B0B4417CA525E001951BA /* SimpleFragment.glsl */; };
		F38B0B7A17CA525E001951BA /* SimpleVertex.glsl in Resources */ = {isa = PBXBuildFile; fileRef = F38B0B4517CA525E001951BA /* SimpleVertex.glsl */; };
		F38B0B7B17CA525E001951BA /* VKAsteroid.m in Sources */ = {isa = PBXBuildFile; fileRef = F38B0B4717CA525E001951BA /* VKAsteroid.m */; };
		F38B0B7C17CA525E001951BA /* VKGameObject.m in Sources */ = {isa = PBXBuildFile; fileRef = F38B0B4917CA525E001951BA /* VKGameObject.m */; };
		F38B0B7D17CA525E001951BA /* VKMissle.m in Sources */ = {isa = PBXBuildFile; fileRef = F38B0B4C17CA525E001951BA /* VKMissle.m */; };
		F38B0B7E17CA525E001951BA /* VKShip.m in Sources */ = {isa = PBXBuildFile; fileRef = F38B0B4E17CA525E001951BA /* VKShip.m */; };
		F38B0B7F17CA525E001951BA /* analogue_bg.png in Resources */ = {isa = PBXBuildFile; fileRef = F38B0B5017CA525E001951BA /* analogue_bg.png */; };
		F38B0B8017CA525E001951BA /* analogue_bg@2x.png in Resources */ = {isa = PBXBuildFile; fileRef = F38B0B5117CA525E001951BA /* analogue_bg@2x.png */; };
		F38B0B8117CA525E001951BA /* analogue_handle.png in Resources */ = {isa = PBXBuildFile; fileRef = F38B0B5217CA525E001951BA /* analogue_handle.png */; };
		F38B0B8217CA525E001951BA /* analogue_handle@2x.png in Resources */ = {isa = PBXBuildFile; fileRef = F38B0B5317CA525E001951BA /* analogue_handle@2x.png */; };
		F38B0B8317CA525E001951BA /* button-pressed.png in Resources */ = {isa = PBXBuildFile; fileRef = F38B0B5417CA525E001951BA /* button-pressed.png */; };
		F38B0B8417CA525E001951BA /* button-pressed@2x.png in Resources */ = {isa = PBXBuildFile; fileRef = F38B0B5517CA525E001951BA /* button-pressed@2x.png */; };
		F38B0B8517CA525E001951BA /* button.png in Resources */ = {isa = PBXBuildFile; fileRef = F38B0B5617CA525E001951BA /* button.png */; };
		F38B0B8617CA525E001951BA /* button@2x.png in Resources */ = {isa = PBXBuildFile; fileRef = F38B0B5717CA525E001951BA /* button@2x.png */; };
		F38B0B8717CA525E001951BA /* Default-568h@2x.png in Resources */ = {isa = PBXBuildFile; fileRef = F38B0B5817CA525E001951BA /* Default-568h@2x.png */; };
		F38B0B8817CA525E001951BA /* Default.png in Resources */ = {isa = PBXBuildFile; fileRef = F38B0B5917CA525E001951BA /* Default.png */; };
		F38B0B8917CA525E001951BA /* Default@2x.png in Resources */ = {isa = PBXBuildFile; fileRef = F38B0B5A17CA525E001951BA /* Default@2x.png */; };
		F38B0B8A17CA525E001951BA /* dPad-Down.png in Resources */ = {isa = PBXBuildFile; fileRef = F38B0B5B17CA525E001951BA /* dPad-Down.png */; };
		F38B0B8B17CA525E001951BA /* dPad-Down@2x.png in Resources */ = {isa = PBXBuildFile; fileRef = F38B0B5C17CA525E001951BA /* dPad-Down@2x.png */; };
		F38B0B8C17CA525E001951BA /* dPad-DownLeft.png in Resources */ = {isa = PBXBuildFile; fileRef = F38B0B5D17CA525E001951BA /* dPad-DownLeft.png */; };
		F38B0B8D17CA525E001951BA /* dPad-DownLeft@2x.png in Resources */ = {isa = PBXBuildFile; fileRef = F38B0B5E17CA525E001951BA /* dPad-DownLeft@2x.png */; };
		F38B0B8E17CA525E001951BA /* dPad-DownRight.png in Resources */ = {isa = PBXBuildFile; fileRef = F38B0B5F17CA525E001951BA /* dPad-DownRight.png */; };
		F38B0B8F17CA525E001951BA /* dPad-DownRight@2x.png in Resources */ = {isa = PBXBuildFile; fileRef = F38B0B6017CA525E001951BA /* dPad-DownRight@2x.png */; };
		F38B0B9017CA525E001951BA /* dPad-Left.png in Resources */ = {isa = PBXBuildFile; fileRef = F38B0B6117CA525E001951BA /* dPad-Left.png */; };
		F38B0B9117CA525E001951BA /* dPad-Left@2x.png in Resources */ = {isa = PBXBuildFile; fileRef = F38B0B6217CA525E001951BA /* dPad-Left@2x.png */; };
		F38B0B9217CA525E001951BA /* dPad-None.png in Resources */ = {isa = PBXBuildFile; fileRef = F38B0B6317CA525E001951BA /* dPad-None.png */; };
		F38B0B9317CA525E001951BA /* dPad-None@2x.png in Resources */ = {isa = PBXBuildFile; fileRef = F38B0B6417CA525E001951BA /* dPad-None@2x.png */; };
		F38B0B9417CA525E001951BA /* dPad-Right.png in Resources */ = {isa = PBXBuildFile; fileRef = F38B0B6517CA525E001951BA /* dPad-Right.png */; };
		F38B0B9517CA525E001951BA /* dPad-Right@2x.png in Resources */ = {isa = PBXBuildFile; fileRef = F38B0B6617CA525E001951BA /* dPad-Right@2x.png */; };
		F38B0B9617CA525E001951BA /* dPad-Up.png in Resources */ = {isa = PBXBuildFile; fileRef = F38B0B6717CA525E001951BA /* dPad-Up.png */; };
		F38B0B9717CA525E001951BA /* dPad-Up@2x.png in Resources */ = {isa = PBXBuildFile; fileRef = F38B0B6817CA525E001951BA /* dPad-Up@2x.png */; };
		F38B0B9817CA525E001951BA /* dPad-UpLeft.png in Resources */ = {isa = PBXBuildFile; fileRef = F38B0B6917CA525E001951BA /* dPad-UpLeft.png */; };
		F38B0B9917CA525E001951BA /* dPad-UpLeft@2x.png in Resources */ = {isa = PBXBuildFile; fileRef = F38B0B6A17CA525E001951BA /* dPad-UpLeft@2x.png */; };
		F38B0B9A17CA525E001951BA /* dPad-UpRight.png in Resources */ = {isa = PBXBuildFile; fileRef = F38B0B6B17CA525E001951BA /* dPad-UpRight.png */; };
		F38B0B9B17CA525E001951BA /* dPad-UpRight@2x.png in Resources */ = {isa = PBXBuildFile; fileRef = F38B0B6C17CA525E001951BA /* dPad-UpRight@2x.png */; };
		F38B0B9C17CA525E001951BA /* JSAnalogueStick.m in Sources */ = {isa = PBXBuildFile; fileRef = F38B0B6E17CA525E001951BA /* JSAnalogueStick.m */; };
		F38B0B9D17CA525E001951BA /* JSButton.m in Sources */ = {isa = PBXBuildFile; fileRef = F38B0B7017CA525E001951BA /* JSButton.m */; };
		F38B0B9E17CA525E001951BA /* JSControlLayout.m in Sources */ = {isa = PBXBuildFile; fileRef = F38B0B7217CA525E001951BA /* JSControlLayout.m */; };
		F38B0B9F17CA525E001951BA /* JSDPad.m in Sources */ = {isa = PBXBuildFile; fileRef = F38B0B7417CA525E001951BA /* JSDPad.m */; };
		F38B0BA817CA9B03001951BA /* VKStar.m in Sources */ = {isa = PBXBuildFile; fileRef = F38B0BA717CA9B03001951BA /* VKStar.m */; };
		F39937BA17CC6CD0004BE9CB /* MainWindow-iPad.xib in Resources */ = {isa = PBXBuildFile; fileRef = F39937B917CC6CD0004BE9CB /* MainWindow-iPad.xib */; };
		F3E26B531A35BABB0053111A /* ZIMSFXController.m in Sources */ = {isa = PBXBuildFile; fileRef = F3E26B521A35BABB0053111A /* ZIMSFXController.m */; };
		F3F4E99417CCD66700EDA7CC /* VKPlayer.m in Sources */ = {isa = PBXBuildFile; fileRef = F3F4E99317CCD66700EDA7CC /* VKPlayer.m */; };
		F3F4E9A117CCE0E100EDA7CC /* All_of_Us.m4a in Resources */ = {isa = PBXBuildFile; fileRef = F3F4E99617CCE0E100EDA7CC /* All_of_Us.m4a */; };
		F3F4E9A217CCE0E100EDA7CC /* Arpanauts.m4a in Resources */ = {isa = PBXBuildFile; fileRef = F3F4E99717CCE0E100EDA7CC /* Arpanauts.m4a */; };
		F3F4E9A317CCE0E100EDA7CC /* Ascending.m4a in Resources */ = {isa = PBXBuildFile; fileRef = F3F4E99817CCE0E100EDA7CC /* Ascending.m4a */; };
		F3F4E9A417CCE0E100EDA7CC /* Come_and_Find_Me.m4a in Resources */ = {isa = PBXBuildFile; fileRef = F3F4E99917CCE0E100EDA7CC /* Come_and_Find_Me.m4a */; };
		F3F4E9A517CCE0E100EDA7CC /* Digital_Native.m4a in Resources */ = {isa = PBXBuildFile; fileRef = F3F4E99A17CCE0E100EDA7CC /* Digital_Native.m4a */; };
		F3F4E9A617CCE0E100EDA7CC /* HHavok-intro.m4a in Resources */ = {isa = PBXBuildFile; fileRef = F3F4E99B17CCE0E100EDA7CC /* HHavok-intro.m4a */; };
		F3F4E9A717CCE0E100EDA7CC /* HHavok-main.m4a in Resources */ = {isa = PBXBuildFile; fileRef = F3F4E99C17CCE0E100EDA7CC /* HHavok-main.m4a */; };
		F3F4E9A817CCE0E100EDA7CC /* LICENSE.md in Resources */ = {isa = PBXBuildFile; fileRef = F3F4E99D17CCE0E100EDA7CC /* LICENSE.md */; };
		F3F4E9A917CCE0E100EDA7CC /* Searching.m4a in Resources */ = {isa = PBXBuildFile; fileRef = F3F4E99E17CCE0E100EDA7CC /* Searching.m4a */; };
		F3F4E9AA17CCE0E100EDA7CC /* Underclocked.m4a in Resources */ = {isa = PBXBuildFile; fileRef = F3F4E99F17CCE0E100EDA7CC /* Underclocked.m4a */; };
		F3F4E9AB17CCE0E100EDA7CC /* We're_the_Resistors.m4a in Resources */ = {isa = PBXBuildFile; fileRef = F3F4E9A017CCE0E100EDA7CC /* We're_the_Resistors.m4a */; };
/* End PBXBuildFile section */

/* Begin PBXFileReference section */
		04848F9CF2293A3FBD509149 /* libPods.a */ = {isa = PBXFileReference; explicitFileType = archive.ar; includeInIndex = 0; path = libPods.a; sourceTree = BUILT_PRODUCTS_DIR; };
		35DF643C138C40D500FF9459 /* Asteroids.app */ = {isa = PBXFileReference; explicitFileType = wrapper.application; includeInIndex = 0; path = Asteroids.app; sourceTree = BUILT_PRODUCTS_DIR; };
		35DF6440138C40D500FF9459 /* UIKit.framework */ = {isa = PBXFileReference; lastKnownFileType = wrapper.framework; name = UIKit.framework; path = System/Library/Frameworks/UIKit.framework; sourceTree = SDKROOT; };
		35DF6442138C40D500FF9459 /* Foundation.framework */ = {isa = PBXFileReference; lastKnownFileType = wrapper.framework; name = Foundation.framework; path = System/Library/Frameworks/Foundation.framework; sourceTree = SDKROOT; };
		35DF6444138C40D500FF9459 /* CoreGraphics.framework */ = {isa = PBXFileReference; lastKnownFileType = wrapper.framework; name = CoreGraphics.framework; path = System/Library/Frameworks/CoreGraphics.framework; sourceTree = SDKROOT; };
		35DF6448138C40D500FF9459 /* Asteroids-Info.plist */ = {isa = PBXFileReference; lastKnownFileType = text.plist.xml; path = "Asteroids-Info.plist"; sourceTree = "<group>"; };
		35DF644A138C40D500FF9459 /* en */ = {isa = PBXFileReference; lastKnownFileType = text.plist.strings; name = en; path = en.lproj/InfoPlist.strings; sourceTree = "<group>"; };
		35DF644C138C40D500FF9459 /* Asteroids-Prefix.pch */ = {isa = PBXFileReference; lastKnownFileType = sourcecode.c.h; path = "Asteroids-Prefix.pch"; sourceTree = "<group>"; };
		35DF644D138C40D500FF9459 /* main.m */ = {isa = PBXFileReference; lastKnownFileType = sourcecode.c.objc; path = main.m; sourceTree = "<group>"; };
		35DF644F138C40D500FF9459 /* AsteroidsAppDelegate.h */ = {isa = PBXFileReference; lastKnownFileType = sourcecode.c.h; path = AsteroidsAppDelegate.h; sourceTree = "<group>"; };
		35DF6450138C40D500FF9459 /* AsteroidsAppDelegate.m */ = {isa = PBXFileReference; lastKnownFileType = sourcecode.c.objc; path = AsteroidsAppDelegate.m; sourceTree = "<group>"; };
		35DF6453138C40D500FF9459 /* en */ = {isa = PBXFileReference; lastKnownFileType = file.xib; name = en; path = en.lproj/MainWindow.xib; sourceTree = "<group>"; };
		35DF645D138C427700FF9459 /* QuartzCore.framework */ = {isa = PBXFileReference; lastKnownFileType = wrapper.framework; name = QuartzCore.framework; path = System/Library/Frameworks/QuartzCore.framework; sourceTree = SDKROOT; };
		35DF645F138C427E00FF9459 /* OpenGLES.framework */ = {isa = PBXFileReference; lastKnownFileType = wrapper.framework; name = OpenGLES.framework; path = System/Library/Frameworks/OpenGLES.framework; sourceTree = SDKROOT; };
		38F8D2C3856F807B2B07192C /* Pods.release.xcconfig */ = {isa = PBXFileReference; includeInIndex = 1; lastKnownFileType = text.xcconfig; name = Pods.release.xcconfig; path = "Pods/Target Support Files/Pods/Pods.release.xcconfig"; sourceTree = "<group>"; };
		BDE42F26979978B3B9C06561 /* Pods.debug.xcconfig */ = {isa = PBXFileReference; includeInIndex = 1; lastKnownFileType = text.xcconfig; name = Pods.debug.xcconfig; path = "Pods/Target Support Files/Pods/Pods.debug.xcconfig"; sourceTree = "<group>"; };
		F33D392F17CB2DD80026385A /* Icon-114.png */ = {isa = PBXFileReference; lastKnownFileType = image.png; name = "Icon-114.png"; path = "Resources/Icon-114.png"; sourceTree = "<group>"; };
		F358A18E17CB3BDB00CF776C /* blast.m4a */ = {isa = PBXFileReference; lastKnownFileType = file; name = blast.m4a; path = Resources/blast.m4a; sourceTree = "<group>"; };
		F358A18F17CB3BDB00CF776C /* explosion.m4a */ = {isa = PBXFileReference; lastKnownFileType = file; name = explosion.m4a; path = Resources/explosion.m4a; sourceTree = "<group>"; };
		F358A19417CB908D00CF776C /* death.m4a */ = {isa = PBXFileReference; lastKnownFileType = file; name = death.m4a; path = Resources/death.m4a; sourceTree = "<group>"; };
		F374124C17C95E1000AF822B /* VKGLView.h */ = {isa = PBXFileReference; fileEncoding = 4; lastKnownFileType = sourcecode.c.h; path = VKGLView.h; sourceTree = "<group>"; };
		F374124D17C95E1000AF822B /* VKGLView.m */ = {isa = PBXFileReference; fileEncoding = 4; lastKnownFileType = sourcecode.c.objc; path = VKGLView.m; sourceTree = "<group>"; };
		F375408917CB360700B2D482 /* AudioToolbox.framework */ = {isa = PBXFileReference; lastKnownFileType = wrapper.framework; name = AudioToolbox.framework; path = System/Library/Frameworks/AudioToolbox.framework; sourceTree = SDKROOT; };
		F375408B17CB368200B2D482 /* AVFoundation.framework */ = {isa = PBXFileReference; lastKnownFileType = wrapper.framework; name = AVFoundation.framework; path = System/Library/Frameworks/AVFoundation.framework; sourceTree = SDKROOT; };
		F37675FC17CB318400C8DEC4 /* Icon-57.png */ = {isa = PBXFileReference; lastKnownFileType = image.png; name = "Icon-57.png"; path = "Resources/Icon-57.png"; sourceTree = "<group>"; };
		F378EF0F1A35D0BE00380D03 /* ZIMRingEnumertor.h */ = {isa = PBXFileReference; fileEncoding = 4; lastKnownFileType = sourcecode.c.h; path = ZIMRingEnumertor.h; sourceTree = "<group>"; };
		F378EF101A35D0BE00380D03 /* ZIMRingEnumertor.m */ = {isa = PBXFileReference; fileEncoding = 4; lastKnownFileType = sourcecode.c.objc; path = ZIMRingEnumertor.m; sourceTree = "<group>"; };
		F378EF181A35FC7700380D03 /* ZIMGameWorldController.h */ = {isa = PBXFileReference; fileEncoding = 4; lastKnownFileType = sourcecode.c.h; path = ZIMGameWorldController.h; sourceTree = "<group>"; };
		F378EF191A35FC7700380D03 /* ZIMGameWorldController.m */ = {isa = PBXFileReference; fileEncoding = 4; lastKnownFileType = sourcecode.c.objc; path = ZIMGameWorldController.m; sourceTree = "<group>"; };
		F378EF1B1A36298100380D03 /* VKViewController.xib */ = {isa = PBXFileReference; fileEncoding = 4; lastKnownFileType = file.xib; path = VKViewController.xib; sourceTree = "<group>"; };
		F378EF1D1A3657CF00380D03 /* UIButton+ZIMAsteroidsButtons.h */ = {isa = PBXFileReference; fileEncoding = 4; lastKnownFileType = sourcecode.c.h; path = "UIButton+ZIMAsteroidsButtons.h"; sourceTree = "<group>"; };
		F378EF1E1A3657CF00380D03 /* UIButton+ZIMAsteroidsButtons.m */ = {isa = PBXFileReference; fileEncoding = 4; lastKnownFileType = sourcecode.c.objc; path = "UIButton+ZIMAsteroidsButtons.m"; sourceTree = "<group>"; };
		F378EF201A36601800380D03 /* ZIMAnimationContainerView.h */ = {isa = PBXFileReference; fileEncoding = 4; lastKnownFileType = sourcecode.c.h; path = ZIMAnimationContainerView.h; sourceTree = "<group>"; };
		F378EF211A36601800380D03 /* ZIMAnimationContainerView.m */ = {isa = PBXFileReference; fileEncoding = 4; lastKnownFileType = sourcecode.c.objc; path = ZIMAnimationContainerView.m; sourceTree = "<group>"; };
		F378EF231A366CF200380D03 /* btn_pause@3x.png */ = {isa = PBXFileReference; lastKnownFileType = image.png; name = "btn_pause@3x.png"; path = "Resources/btn_pause@3x.png"; sourceTree = "<group>"; };
		F378EF241A366CF200380D03 /* btn_play@3x.png */ = {isa = PBXFileReference; lastKnownFileType = image.png; name = "btn_play@3x.png"; path = "Resources/btn_play@3x.png"; sourceTree = "<group>"; };
		F378EF281A366D2600380D03 /* btn_pause@2x.png */ = {isa = PBXFileReference; lastKnownFileType = image.png; name = "btn_pause@2x.png"; path = "Resources/btn_pause@2x.png"; sourceTree = "<group>"; };
		F378EF2A1A366D2600380D03 /* btn_play@2x.png */ = {isa = PBXFileReference; lastKnownFileType = image.png; name = "btn_play@2x.png"; path = "Resources/btn_play@2x.png"; sourceTree = "<group>"; };
		F378EF2F1A366D7600380D03 /* btn_pause.png */ = {isa = PBXFileReference; lastKnownFileType = image.png; name = btn_pause.png; path = Resources/btn_pause.png; sourceTree = "<group>"; };
		F378EF301A366D7600380D03 /* btn_play.png */ = {isa = PBXFileReference; lastKnownFileType = image.png; name = btn_play.png; path = Resources/btn_play.png; sourceTree = "<group>"; };
		F38B0AD817C9EBAD001951BA /* VKViewController.h */ = {isa = PBXFileReference; fileEncoding = 4; lastKnownFileType = sourcecode.c.h; path = VKViewController.h; sourceTree = "<group>"; };
		F38B0AD917C9EBAD001951BA /* VKViewController.m */ = {isa = PBXFileReference; fileEncoding = 4; lastKnownFileType = sourcecode.c.objc; path = VKViewController.m; sourceTree = "<group>"; };
		F38B0B3917CA525E001951BA /* CC3Foundation.h */ = {isa = PBXFileReference; fileEncoding = 4; lastKnownFileType = sourcecode.c.h; path = CC3Foundation.h; sourceTree = "<group>"; };
		F38B0B3A17CA525E001951BA /* CC3Foundation.m */ = {isa = PBXFileReference; fileEncoding = 4; lastKnownFileType = sourcecode.c.objc; path = CC3Foundation.m; sourceTree = "<group>"; };
		F38B0B3B17CA525E001951BA /* CC3GLMatrix.h */ = {isa = PBXFileReference; fileEncoding = 4; lastKnownFileType = sourcecode.c.h; path = CC3GLMatrix.h; sourceTree = "<group>"; };
		F38B0B3C17CA525E001951BA /* CC3GLMatrix.m */ = {isa = PBXFileReference; fileEncoding = 4; lastKnownFileType = sourcecode.c.objc; path = CC3GLMatrix.m; sourceTree = "<group>"; };
		F38B0B3D17CA525E001951BA /* CC3Kazmath.c */ = {isa = PBXFileReference; fileEncoding = 4; lastKnownFileType = sourcecode.c.c; path = CC3Kazmath.c; sourceTree = "<group>"; };
		F38B0B3E17CA525E001951BA /* CC3Kazmath.h */ = {isa = PBXFileReference; fileEncoding = 4; lastKnownFileType = sourcecode.c.h; path = CC3Kazmath.h; sourceTree = "<group>"; };
		F38B0B3F17CA525E001951BA /* CC3Logging.h */ = {isa = PBXFileReference; fileEncoding = 4; lastKnownFileType = sourcecode.c.h; path = CC3Logging.h; sourceTree = "<group>"; };
		F38B0B4017CA525E001951BA /* CC3Math.h */ = {isa = PBXFileReference; fileEncoding = 4; lastKnownFileType = sourcecode.c.h; path = CC3Math.h; sourceTree = "<group>"; };
		F38B0B4117CA525E001951BA /* CC3Math.m */ = {isa = PBXFileReference; fileEncoding = 4; lastKnownFileType = sourcecode.c.objc; path = CC3Math.m; sourceTree = "<group>"; };
		F38B0B4217CA525E001951BA /* ccTypes.h */ = {isa = PBXFileReference; fileEncoding = 4; lastKnownFileType = sourcecode.c.h; path = ccTypes.h; sourceTree = "<group>"; };
		F38B0B4417CA525E001951BA /* SimpleFragment.glsl */ = {isa = PBXFileReference; fileEncoding = 4; lastKnownFileType = text; path = SimpleFragment.glsl; sourceTree = "<group>"; };
		F38B0B4517CA525E001951BA /* SimpleVertex.glsl */ = {isa = PBXFileReference; fileEncoding = 4; lastKnownFileType = text; path = SimpleVertex.glsl; sourceTree = "<group>"; };
		F38B0B4617CA525E001951BA /* VKAsteroid.h */ = {isa = PBXFileReference; fileEncoding = 4; lastKnownFileType = sourcecode.c.h; path = VKAsteroid.h; sourceTree = "<group>"; };
		F38B0B4717CA525E001951BA /* VKAsteroid.m */ = {isa = PBXFileReference; fileEncoding = 4; lastKnownFileType = sourcecode.c.objc; path = VKAsteroid.m; sourceTree = "<group>"; };
		F38B0B4817CA525E001951BA /* VKGameObject.h */ = {isa = PBXFileReference; fileEncoding = 4; lastKnownFileType = sourcecode.c.h; path = VKGameObject.h; sourceTree = "<group>"; };
		F38B0B4917CA525E001951BA /* VKGameObject.m */ = {isa = PBXFileReference; fileEncoding = 4; lastKnownFileType = sourcecode.c.objc; path = VKGameObject.m; sourceTree = "<group>"; };
		F38B0B4A17CA525E001951BA /* VKGLObject.h */ = {isa = PBXFileReference; fileEncoding = 4; lastKnownFileType = sourcecode.c.h; path = VKGLObject.h; sourceTree = "<group>"; };
		F38B0B4B17CA525E001951BA /* VKMissle.h */ = {isa = PBXFileReference; fileEncoding = 4; lastKnownFileType = sourcecode.c.h; path = VKMissle.h; sourceTree = "<group>"; };
		F38B0B4C17CA525E001951BA /* VKMissle.m */ = {isa = PBXFileReference; fileEncoding = 4; lastKnownFileType = sourcecode.c.objc; path = VKMissle.m; sourceTree = "<group>"; };
		F38B0B4D17CA525E001951BA /* VKShip.h */ = {isa = PBXFileReference; fileEncoding = 4; lastKnownFileType = sourcecode.c.h; path = VKShip.h; sourceTree = "<group>"; };
		F38B0B4E17CA525E001951BA /* VKShip.m */ = {isa = PBXFileReference; fileEncoding = 4; lastKnownFileType = sourcecode.c.objc; path = VKShip.m; sourceTree = "<group>"; };
		F38B0B5017CA525E001951BA /* analogue_bg.png */ = {isa = PBXFileReference; lastKnownFileType = image.png; path = analogue_bg.png; sourceTree = "<group>"; };
		F38B0B5117CA525E001951BA /* analogue_bg@2x.png */ = {isa = PBXFileReference; lastKnownFileType = image.png; path = "analogue_bg@2x.png"; sourceTree = "<group>"; };
		F38B0B5217CA525E001951BA /* analogue_handle.png */ = {isa = PBXFileReference; lastKnownFileType = image.png; path = analogue_handle.png; sourceTree = "<group>"; };
		F38B0B5317CA525E001951BA /* analogue_handle@2x.png */ = {isa = PBXFileReference; lastKnownFileType = image.png; path = "analogue_handle@2x.png"; sourceTree = "<group>"; };
		F38B0B5417CA525E001951BA /* button-pressed.png */ = {isa = PBXFileReference; lastKnownFileType = image.png; path = "button-pressed.png"; sourceTree = "<group>"; };
		F38B0B5517CA525E001951BA /* button-pressed@2x.png */ = {isa = PBXFileReference; lastKnownFileType = image.png; path = "button-pressed@2x.png"; sourceTree = "<group>"; };
		F38B0B5617CA525E001951BA /* button.png */ = {isa = PBXFileReference; lastKnownFileType = image.png; path = button.png; sourceTree = "<group>"; };
		F38B0B5717CA525E001951BA /* button@2x.png */ = {isa = PBXFileReference; lastKnownFileType = image.png; path = "button@2x.png"; sourceTree = "<group>"; };
		F38B0B5817CA525E001951BA /* Default-568h@2x.png */ = {isa = PBXFileReference; lastKnownFileType = image.png; name = "Default-568h@2x.png"; path = "Resources/Default-568h@2x.png"; sourceTree = "<group>"; };
		F38B0B5917CA525E001951BA /* Default.png */ = {isa = PBXFileReference; lastKnownFileType = image.png; name = Default.png; path = Resources/Default.png; sourceTree = "<group>"; };
		F38B0B5A17CA525E001951BA /* Default@2x.png */ = {isa = PBXFileReference; lastKnownFileType = image.png; name = "Default@2x.png"; path = "Resources/Default@2x.png"; sourceTree = "<group>"; };
		F38B0B5B17CA525E001951BA /* dPad-Down.png */ = {isa = PBXFileReference; lastKnownFileType = image.png; path = "dPad-Down.png"; sourceTree = "<group>"; };
		F38B0B5C17CA525E001951BA /* dPad-Down@2x.png */ = {isa = PBXFileReference; lastKnownFileType = image.png; path = "dPad-Down@2x.png"; sourceTree = "<group>"; };
		F38B0B5D17CA525E001951BA /* dPad-DownLeft.png */ = {isa = PBXFileReference; lastKnownFileType = image.png; path = "dPad-DownLeft.png"; sourceTree = "<group>"; };
		F38B0B5E17CA525E001951BA /* dPad-DownLeft@2x.png */ = {isa = PBXFileReference; lastKnownFileType = image.png; path = "dPad-DownLeft@2x.png"; sourceTree = "<group>"; };
		F38B0B5F17CA525E001951BA /* dPad-DownRight.png */ = {isa = PBXFileReference; lastKnownFileType = image.png; path = "dPad-DownRight.png"; sourceTree = "<group>"; };
		F38B0B6017CA525E001951BA /* dPad-DownRight@2x.png */ = {isa = PBXFileReference; lastKnownFileType = image.png; path = "dPad-DownRight@2x.png"; sourceTree = "<group>"; };
		F38B0B6117CA525E001951BA /* dPad-Left.png */ = {isa = PBXFileReference; lastKnownFileType = image.png; path = "dPad-Left.png"; sourceTree = "<group>"; };
		F38B0B6217CA525E001951BA /* dPad-Left@2x.png */ = {isa = PBXFileReference; lastKnownFileType = image.png; path = "dPad-Left@2x.png"; sourceTree = "<group>"; };
		F38B0B6317CA525E001951BA /* dPad-None.png */ = {isa = PBXFileReference; lastKnownFileType = image.png; path = "dPad-None.png"; sourceTree = "<group>"; };
		F38B0B6417CA525E001951BA /* dPad-None@2x.png */ = {isa = PBXFileReference; lastKnownFileType = image.png; path = "dPad-None@2x.png"; sourceTree = "<group>"; };
		F38B0B6517CA525E001951BA /* dPad-Right.png */ = {isa = PBXFileReference; lastKnownFileType = image.png; path = "dPad-Right.png"; sourceTree = "<group>"; };
		F38B0B6617CA525E001951BA /* dPad-Right@2x.png */ = {isa = PBXFileReference; lastKnownFileType = image.png; path = "dPad-Right@2x.png"; sourceTree = "<group>"; };
		F38B0B6717CA525E001951BA /* dPad-Up.png */ = {isa = PBXFileReference; lastKnownFileType = image.png; path = "dPad-Up.png"; sourceTree = "<group>"; };
		F38B0B6817CA525E001951BA /* dPad-Up@2x.png */ = {isa = PBXFileReference; lastKnownFileType = image.png; path = "dPad-Up@2x.png"; sourceTree = "<group>"; };
		F38B0B6917CA525E001951BA /* dPad-UpLeft.png */ = {isa = PBXFileReference; lastKnownFileType = image.png; path = "dPad-UpLeft.png"; sourceTree = "<group>"; };
		F38B0B6A17CA525E001951BA /* dPad-UpLeft@2x.png */ = {isa = PBXFileReference; lastKnownFileType = image.png; path = "dPad-UpLeft@2x.png"; sourceTree = "<group>"; };
		F38B0B6B17CA525E001951BA /* dPad-UpRight.png */ = {isa = PBXFileReference; lastKnownFileType = image.png; path = "dPad-UpRight.png"; sourceTree = "<group>"; };
		F38B0B6C17CA525E001951BA /* dPad-UpRight@2x.png */ = {isa = PBXFileReference; lastKnownFileType = image.png; path = "dPad-UpRight@2x.png"; sourceTree = "<group>"; };
		F38B0B6D17CA525E001951BA /* JSAnalogueStick.h */ = {isa = PBXFileReference; fileEncoding = 4; lastKnownFileType = sourcecode.c.h; path = JSAnalogueStick.h; sourceTree = "<group>"; };
		F38B0B6E17CA525E001951BA /* JSAnalogueStick.m */ = {isa = PBXFileReference; fileEncoding = 4; lastKnownFileType = sourcecode.c.objc; path = JSAnalogueStick.m; sourceTree = "<group>"; };
		F38B0B6F17CA525E001951BA /* JSButton.h */ = {isa = PBXFileReference; fileEncoding = 4; lastKnownFileType = sourcecode.c.h; path = JSButton.h; sourceTree = "<group>"; };
		F38B0B7017CA525E001951BA /* JSButton.m */ = {isa = PBXFileReference; fileEncoding = 4; lastKnownFileType = sourcecode.c.objc; path = JSButton.m; sourceTree = "<group>"; };
		F38B0B7117CA525E001951BA /* JSControlLayout.h */ = {isa = PBXFileReference; fileEncoding = 4; lastKnownFileType = sourcecode.c.h; path = JSControlLayout.h; sourceTree = "<group>"; };
		F38B0B7217CA525E001951BA /* JSControlLayout.m */ = {isa = PBXFileReference; fileEncoding = 4; lastKnownFileType = sourcecode.c.objc; path = JSControlLayout.m; sourceTree = "<group>"; };
		F38B0B7317CA525E001951BA /* JSDPad.h */ = {isa = PBXFileReference; fileEncoding = 4; lastKnownFileType = sourcecode.c.h; path = JSDPad.h; sourceTree = "<group>"; };
		F38B0B7417CA525E001951BA /* JSDPad.m */ = {isa = PBXFileReference; fileEncoding = 4; lastKnownFileType = sourcecode.c.objc; path = JSDPad.m; sourceTree = "<group>"; };
		F38B0BA617CA9B03001951BA /* VKStar.h */ = {isa = PBXFileReference; fileEncoding = 4; lastKnownFileType = sourcecode.c.h; path = VKStar.h; sourceTree = "<group>"; };
		F38B0BA717CA9B03001951BA /* VKStar.m */ = {isa = PBXFileReference; fileEncoding = 4; lastKnownFileType = sourcecode.c.objc; path = VKStar.m; sourceTree = "<group>"; };
		F39937B917CC6CD0004BE9CB /* MainWindow-iPad.xib */ = {isa = PBXFileReference; fileEncoding = 4; lastKnownFileType = file.xib; path = "MainWindow-iPad.xib"; sourceTree = "<group>"; };
		F3E26B511A35BABB0053111A /* ZIMSFXController.h */ = {isa = PBXFileReference; fileEncoding = 4; lastKnownFileType = sourcecode.c.h; path = ZIMSFXController.h; sourceTree = "<group>"; };
		F3E26B521A35BABB0053111A /* ZIMSFXController.m */ = {isa = PBXFileReference; fileEncoding = 4; lastKnownFileType = sourcecode.c.objc; path = ZIMSFXController.m; sourceTree = "<group>"; };
		F3F4E99217CCD66700EDA7CC /* VKPlayer.h */ = {isa = PBXFileReference; fileEncoding = 4; lastKnownFileType = sourcecode.c.h; path = VKPlayer.h; sourceTree = "<group>"; };
		F3F4E99317CCD66700EDA7CC /* VKPlayer.m */ = {isa = PBXFileReference; fileEncoding = 4; lastKnownFileType = sourcecode.c.objc; path = VKPlayer.m; sourceTree = "<group>"; };
		F3F4E99617CCE0E100EDA7CC /* All_of_Us.m4a */ = {isa = PBXFileReference; lastKnownFileType = file; path = All_of_Us.m4a; sourceTree = "<group>"; };
		F3F4E99717CCE0E100EDA7CC /* Arpanauts.m4a */ = {isa = PBXFileReference; lastKnownFileType = file; path = Arpanauts.m4a; sourceTree = "<group>"; };
		F3F4E99817CCE0E100EDA7CC /* Ascending.m4a */ = {isa = PBXFileReference; lastKnownFileType = file; path = Ascending.m4a; sourceTree = "<group>"; };
		F3F4E99917CCE0E100EDA7CC /* Come_and_Find_Me.m4a */ = {isa = PBXFileReference; lastKnownFileType = file; path = Come_and_Find_Me.m4a; sourceTree = "<group>"; };
		F3F4E99A17CCE0E100EDA7CC /* Digital_Native.m4a */ = {isa = PBXFileReference; lastKnownFileType = file; path = Digital_Native.m4a; sourceTree = "<group>"; };
		F3F4E99B17CCE0E100EDA7CC /* HHavok-intro.m4a */ = {isa = PBXFileReference; lastKnownFileType = file; path = "HHavok-intro.m4a"; sourceTree = "<group>"; };
		F3F4E99C17CCE0E100EDA7CC /* HHavok-main.m4a */ = {isa = PBXFileReference; lastKnownFileType = file; path = "HHavok-main.m4a"; sourceTree = "<group>"; };
		F3F4E99D17CCE0E100EDA7CC /* LICENSE.md */ = {isa = PBXFileReference; fileEncoding = 4; lastKnownFileType = text; path = LICENSE.md; sourceTree = "<group>"; };
		F3F4E99E17CCE0E100EDA7CC /* Searching.m4a */ = {isa = PBXFileReference; lastKnownFileType = file; path = Searching.m4a; sourceTree = "<group>"; };
		F3F4E99F17CCE0E100EDA7CC /* Underclocked.m4a */ = {isa = PBXFileReference; lastKnownFileType = file; path = Underclocked.m4a; sourceTree = "<group>"; };
		F3F4E9A017CCE0E100EDA7CC /* We're_the_Resistors.m4a */ = {isa = PBXFileReference; lastKnownFileType = file; path = "We're_the_Resistors.m4a"; sourceTree = "<group>"; };
/* End PBXFileReference section */

/* Begin PBXFrameworksBuildPhase section */
		35DF6439138C40D500FF9459 /* Frameworks */ = {
			isa = PBXFrameworksBuildPhase;
			buildActionMask = 2147483647;
			files = (
				F375408C17CB368200B2D482 /* AVFoundation.framework in Frameworks */,
				F375408A17CB360700B2D482 /* AudioToolbox.framework in Frameworks */,
				35DF6460138C427E00FF9459 /* OpenGLES.framework in Frameworks */,
				35DF645E138C427700FF9459 /* QuartzCore.framework in Frameworks */,
				35DF6441138C40D500FF9459 /* UIKit.framework in Frameworks */,
				35DF6443138C40D500FF9459 /* Foundation.framework in Frameworks */,
				35DF6445138C40D500FF9459 /* CoreGraphics.framework in Frameworks */,
			);
			runOnlyForDeploymentPostprocessing = 0;
		};
/* End PBXFrameworksBuildPhase section */

/* Begin PBXGroup section */
		35DF6431138C40D500FF9459 = {
			isa = PBXGroup;
			children = (
				35DF6446138C40D500FF9459 /* Asteroids */,
				35DF643F138C40D500FF9459 /* Frameworks */,
				35DF643D138C40D500FF9459 /* Products */,
				3C660CBE8CC3CF921DFC869B /* Pods */,
			);
			sourceTree = "<group>";
		};
		35DF643D138C40D500FF9459 /* Products */ = {
			isa = PBXGroup;
			children = (
				35DF643C138C40D500FF9459 /* Asteroids.app */,
			);
			name = Products;
			sourceTree = "<group>";
		};
		35DF643F138C40D500FF9459 /* Frameworks */ = {
			isa = PBXGroup;
			children = (
				F375408B17CB368200B2D482 /* AVFoundation.framework */,
				F375408917CB360700B2D482 /* AudioToolbox.framework */,
				35DF645F138C427E00FF9459 /* OpenGLES.framework */,
				35DF645D138C427700FF9459 /* QuartzCore.framework */,
				35DF6440138C40D500FF9459 /* UIKit.framework */,
				35DF6442138C40D500FF9459 /* Foundation.framework */,
				35DF6444138C40D500FF9459 /* CoreGraphics.framework */,
				04848F9CF2293A3FBD509149 /* libPods.a */,
			);
			name = Frameworks;
			sourceTree = "<group>";
		};
		35DF6446138C40D500FF9459 /* Asteroids */ = {
			isa = PBXGroup;
			children = (
				F37675FB17CB314500C8DEC4 /* Resources */,
				F38B0B3817CA525E001951BA /* CC3 */,
				F38B0B4317CA525E001951BA /* GameObjects */,
				F38B0B4F17CA525E001951BA /* JSController */,
				35DF644F138C40D500FF9459 /* AsteroidsAppDelegate.h */,
				35DF6450138C40D500FF9459 /* AsteroidsAppDelegate.m */,
				F374124C17C95E1000AF822B /* VKGLView.h */,
				F374124D17C95E1000AF822B /* VKGLView.m */,
				F378EF1B1A36298100380D03 /* VKViewController.xib */,
				F38B0AD817C9EBAD001951BA /* VKViewController.h */,
				F38B0AD917C9EBAD001951BA /* VKViewController.m */,
				F39937B917CC6CD0004BE9CB /* MainWindow-iPad.xib */,
				35DF6452138C40D500FF9459 /* MainWindow.xib */,
				35DF6447138C40D500FF9459 /* Supporting Files */,
				F3F4E99217CCD66700EDA7CC /* VKPlayer.h */,
				F3F4E99317CCD66700EDA7CC /* VKPlayer.m */,
				F3E26B511A35BABB0053111A /* ZIMSFXController.h */,
				F3E26B521A35BABB0053111A /* ZIMSFXController.m */,
				F378EF0F1A35D0BE00380D03 /* ZIMRingEnumertor.h */,
				F378EF101A35D0BE00380D03 /* ZIMRingEnumertor.m */,
				F378EF181A35FC7700380D03 /* ZIMGameWorldController.h */,
				F378EF191A35FC7700380D03 /* ZIMGameWorldController.m */,
				F378EF1D1A3657CF00380D03 /* UIButton+ZIMAsteroidsButtons.h */,
				F378EF1E1A3657CF00380D03 /* UIButton+ZIMAsteroidsButtons.m */,
				F378EF201A36601800380D03 /* ZIMAnimationContainerView.h */,
				F378EF211A36601800380D03 /* ZIMAnimationContainerView.m */,
			);
			path = Asteroids;
			sourceTree = "<group>";
		};
		35DF6447138C40D500FF9459 /* Supporting Files */ = {
			isa = PBXGroup;
			children = (
				35DF6448138C40D500FF9459 /* Asteroids-Info.plist */,
				35DF6449138C40D500FF9459 /* InfoPlist.strings */,
				35DF644C138C40D500FF9459 /* Asteroids-Prefix.pch */,
				35DF644D138C40D500FF9459 /* main.m */,
			);
			name = "Supporting Files";
			sourceTree = "<group>";
		};
		3C660CBE8CC3CF921DFC869B /* Pods */ = {
			isa = PBXGroup;
			children = (
				BDE42F26979978B3B9C06561 /* Pods.debug.xcconfig */,
				38F8D2C3856F807B2B07192C /* Pods.release.xcconfig */,
			);
			name = Pods;
			sourceTree = "<group>";
		};
		F37675FB17CB314500C8DEC4 /* Resources */ = {
			isa = PBXGroup;
			children = (
				F378EF2F1A366D7600380D03 /* btn_pause.png */,
				F378EF301A366D7600380D03 /* btn_play.png */,
				F378EF281A366D2600380D03 /* btn_pause@2x.png */,
				F378EF2A1A366D2600380D03 /* btn_play@2x.png */,
				F378EF231A366CF200380D03 /* btn_pause@3x.png */,
				F378EF241A366CF200380D03 /* btn_play@3x.png */,
				F3F4E99517CCE0E100EDA7CC /* Music */,
				F358A19417CB908D00CF776C /* death.m4a */,
				F358A18E17CB3BDB00CF776C /* blast.m4a */,
				F358A18F17CB3BDB00CF776C /* explosion.m4a */,
				F37675FC17CB318400C8DEC4 /* Icon-57.png */,
				F38B0B5817CA525E001951BA /* Default-568h@2x.png */,
				F38B0B5917CA525E001951BA /* Default.png */,
				F38B0B5A17CA525E001951BA /* Default@2x.png */,
				F33D392F17CB2DD80026385A /* Icon-114.png */,
			);
			name = Resources;
			sourceTree = "<group>";
		};
		F38B0B3817CA525E001951BA /* CC3 */ = {
			isa = PBXGroup;
			children = (
				F38B0B3917CA525E001951BA /* CC3Foundation.h */,
				F38B0B3A17CA525E001951BA /* CC3Foundation.m */,
				F38B0B3B17CA525E001951BA /* CC3GLMatrix.h */,
				F38B0B3C17CA525E001951BA /* CC3GLMatrix.m */,
				F38B0B3D17CA525E001951BA /* CC3Kazmath.c */,
				F38B0B3E17CA525E001951BA /* CC3Kazmath.h */,
				F38B0B3F17CA525E001951BA /* CC3Logging.h */,
				F38B0B4017CA525E001951BA /* CC3Math.h */,
				F38B0B4117CA525E001951BA /* CC3Math.m */,
				F38B0B4217CA525E001951BA /* ccTypes.h */,
			);
			path = CC3;
			sourceTree = "<group>";
		};
		F38B0B4317CA525E001951BA /* GameObjects */ = {
			isa = PBXGroup;
			children = (
				F38B0B4417CA525E001951BA /* SimpleFragment.glsl */,
				F38B0B4517CA525E001951BA /* SimpleVertex.glsl */,
				F38B0B4A17CA525E001951BA /* VKGLObject.h */,
				F38B0B4817CA525E001951BA /* VKGameObject.h */,
				F38B0B4917CA525E001951BA /* VKGameObject.m */,
				F38B0B4617CA525E001951BA /* VKAsteroid.h */,
				F38B0B4717CA525E001951BA /* VKAsteroid.m */,
				F38B0B4B17CA525E001951BA /* VKMissle.h */,
				F38B0B4C17CA525E001951BA /* VKMissle.m */,
				F38B0B4D17CA525E001951BA /* VKShip.h */,
				F38B0B4E17CA525E001951BA /* VKShip.m */,
				F38B0BA617CA9B03001951BA /* VKStar.h */,
				F38B0BA717CA9B03001951BA /* VKStar.m */,
			);
			path = GameObjects;
			sourceTree = "<group>";
		};
		F38B0B4F17CA525E001951BA /* JSController */ = {
			isa = PBXGroup;
			children = (
				F38B0B5017CA525E001951BA /* analogue_bg.png */,
				F38B0B5117CA525E001951BA /* analogue_bg@2x.png */,
				F38B0B5217CA525E001951BA /* analogue_handle.png */,
				F38B0B5317CA525E001951BA /* analogue_handle@2x.png */,
				F38B0B5417CA525E001951BA /* button-pressed.png */,
				F38B0B5517CA525E001951BA /* button-pressed@2x.png */,
				F38B0B5617CA525E001951BA /* button.png */,
				F38B0B5717CA525E001951BA /* button@2x.png */,
				F38B0B5B17CA525E001951BA /* dPad-Down.png */,
				F38B0B5C17CA525E001951BA /* dPad-Down@2x.png */,
				F38B0B5D17CA525E001951BA /* dPad-DownLeft.png */,
				F38B0B5E17CA525E001951BA /* dPad-DownLeft@2x.png */,
				F38B0B5F17CA525E001951BA /* dPad-DownRight.png */,
				F38B0B6017CA525E001951BA /* dPad-DownRight@2x.png */,
				F38B0B6117CA525E001951BA /* dPad-Left.png */,
				F38B0B6217CA525E001951BA /* dPad-Left@2x.png */,
				F38B0B6317CA525E001951BA /* dPad-None.png */,
				F38B0B6417CA525E001951BA /* dPad-None@2x.png */,
				F38B0B6517CA525E001951BA /* dPad-Right.png */,
				F38B0B6617CA525E001951BA /* dPad-Right@2x.png */,
				F38B0B6717CA525E001951BA /* dPad-Up.png */,
				F38B0B6817CA525E001951BA /* dPad-Up@2x.png */,
				F38B0B6917CA525E001951BA /* dPad-UpLeft.png */,
				F38B0B6A17CA525E001951BA /* dPad-UpLeft@2x.png */,
				F38B0B6B17CA525E001951BA /* dPad-UpRight.png */,
				F38B0B6C17CA525E001951BA /* dPad-UpRight@2x.png */,
				F38B0B6D17CA525E001951BA /* JSAnalogueStick.h */,
				F38B0B6E17CA525E001951BA /* JSAnalogueStick.m */,
				F38B0B6F17CA525E001951BA /* JSButton.h */,
				F38B0B7017CA525E001951BA /* JSButton.m */,
				F38B0B7117CA525E001951BA /* JSControlLayout.h */,
				F38B0B7217CA525E001951BA /* JSControlLayout.m */,
				F38B0B7317CA525E001951BA /* JSDPad.h */,
				F38B0B7417CA525E001951BA /* JSDPad.m */,
			);
			path = JSController;
			sourceTree = "<group>";
		};
		F3F4E99517CCE0E100EDA7CC /* Music */ = {
			isa = PBXGroup;
			children = (
				F3F4E99617CCE0E100EDA7CC /* All_of_Us.m4a */,
				F3F4E99717CCE0E100EDA7CC /* Arpanauts.m4a */,
				F3F4E99817CCE0E100EDA7CC /* Ascending.m4a */,
				F3F4E99917CCE0E100EDA7CC /* Come_and_Find_Me.m4a */,
				F3F4E99A17CCE0E100EDA7CC /* Digital_Native.m4a */,
				F3F4E99B17CCE0E100EDA7CC /* HHavok-intro.m4a */,
				F3F4E99C17CCE0E100EDA7CC /* HHavok-main.m4a */,
				F3F4E99D17CCE0E100EDA7CC /* LICENSE.md */,
				F3F4E99E17CCE0E100EDA7CC /* Searching.m4a */,
				F3F4E99F17CCE0E100EDA7CC /* Underclocked.m4a */,
				F3F4E9A017CCE0E100EDA7CC /* We're_the_Resistors.m4a */,
			);
			name = Music;
			path = Resources/Music;
			sourceTree = "<group>";
		};
/* End PBXGroup section */

/* Begin PBXNativeTarget section */
		35DF643B138C40D500FF9459 /* Asteroids */ = {
			isa = PBXNativeTarget;
			buildConfigurationList = 35DF6457138C40D500FF9459 /* Build configuration list for PBXNativeTarget "Asteroids" */;
			buildPhases = (
				35DF6438138C40D500FF9459 /* Sources */,
				35DF6439138C40D500FF9459 /* Frameworks */,
				35DF643A138C40D500FF9459 /* Resources */,
			);
			buildRules = (
			);
			dependencies = (
			);
			name = Asteroids;
			productName = HelloOpenGL;
			productReference = 35DF643C138C40D500FF9459 /* Asteroids.app */;
			productType = "com.apple.product-type.application";
		};
/* End PBXNativeTarget section */

/* Begin PBXProject section */
		35DF6433138C40D500FF9459 /* Project object */ = {
			isa = PBXProject;
			attributes = {
				LastUpgradeCheck = 0500;
			};
			buildConfigurationList = 35DF6436138C40D500FF9459 /* Build configuration list for PBXProject "Asteroids" */;
			compatibilityVersion = "Xcode 3.2";
			developmentRegion = English;
			hasScannedForEncodings = 0;
			knownRegions = (
				en,
			);
			mainGroup = 35DF6431138C40D500FF9459;
			productRefGroup = 35DF643D138C40D500FF9459 /* Products */;
			projectDirPath = "";
			projectRoot = "";
			targets = (
				35DF643B138C40D500FF9459 /* Asteroids */,
			);
		};
/* End PBXProject section */

/* Begin PBXResourcesBuildPhase section */
		35DF643A138C40D500FF9459 /* Resources */ = {
			isa = PBXResourcesBuildPhase;
			buildActionMask = 2147483647;
			files = (
				35DF644B138C40D500FF9459 /* InfoPlist.strings in Resources */,
				35DF6454138C40D500FF9459 /* MainWindow.xib in Resources */,
				F38B0B7917CA525E001951BA /* SimpleFragment.glsl in Resources */,
				F38B0B7A17CA525E001951BA /* SimpleVertex.glsl in Resources */,
				F378EF261A366CF200380D03 /* btn_play@3x.png in Resources */,
				F38B0B7F17CA525E001951BA /* analogue_bg.png in Resources */,
				F38B0B8017CA525E001951BA /* analogue_bg@2x.png in Resources */,
				F38B0B8117CA525E001951BA /* analogue_handle.png in Resources */,
				F38B0B8217CA525E001951BA /* analogue_handle@2x.png in Resources */,
				F38B0B8317CA525E001951BA /* button-pressed.png in Resources */,
				F38B0B8417CA525E001951BA /* button-pressed@2x.png in Resources */,
				F38B0B8517CA525E001951BA /* button.png in Resources */,
				F38B0B8617CA525E001951BA /* button@2x.png in Resources */,
				F38B0B8717CA525E001951BA /* Default-568h@2x.png in Resources */,
				F38B0B8817CA525E001951BA /* Default.png in Resources */,
				F38B0B8917CA525E001951BA /* Default@2x.png in Resources */,
				F38B0B8A17CA525E001951BA /* dPad-Down.png in Resources */,
				F38B0B8B17CA525E001951BA /* dPad-Down@2x.png in Resources */,
				F38B0B8C17CA525E001951BA /* dPad-DownLeft.png in Resources */,
				F38B0B8D17CA525E001951BA /* dPad-DownLeft@2x.png in Resources */,
				F38B0B8E17CA525E001951BA /* dPad-DownRight.png in Resources */,
				F38B0B8F17CA525E001951BA /* dPad-DownRight@2x.png in Resources */,
				F378EF2C1A366D2600380D03 /* btn_pause@2x.png in Resources */,
				F38B0B9017CA525E001951BA /* dPad-Left.png in Resources */,
				F38B0B9117CA525E001951BA /* dPad-Left@2x.png in Resources */,
				F38B0B9217CA525E001951BA /* dPad-None.png in Resources */,
				F378EF251A366CF200380D03 /* btn_pause@3x.png in Resources */,
				F38B0B9317CA525E001951BA /* dPad-None@2x.png in Resources */,
				F378EF1C1A36298100380D03 /* VKViewController.xib in Resources */,
				F38B0B9417CA525E001951BA /* dPad-Right.png in Resources */,
				F38B0B9517CA525E001951BA /* dPad-Right@2x.png in Resources */,
				F38B0B9617CA525E001951BA /* dPad-Up.png in Resources */,
				F38B0B9717CA525E001951BA /* dPad-Up@2x.png in Resources */,
				F38B0B9817CA525E001951BA /* dPad-UpLeft.png in Resources */,
				F38B0B9917CA525E001951BA /* dPad-UpLeft@2x.png in Resources */,
				F38B0B9A17CA525E001951BA /* dPad-UpRight.png in Resources */,
				F378EF311A366D7600380D03 /* btn_pause.png in Resources */,
				F38B0B9B17CA525E001951BA /* dPad-UpRight@2x.png in Resources */,
				F33D393017CB2DD80026385A /* Icon-114.png in Resources */,
				F37675FD17CB318400C8DEC4 /* Icon-57.png in Resources */,
				F358A19017CB3BDB00CF776C /* blast.m4a in Resources */,
				F358A19117CB3BDB00CF776C /* explosion.m4a in Resources */,
				F358A19517CB908D00CF776C /* death.m4a in Resources */,
				F39937BA17CC6CD0004BE9CB /* MainWindow-iPad.xib in Resources */,
				F3F4E9A117CCE0E100EDA7CC /* All_of_Us.m4a in Resources */,
				F3F4E9A217CCE0E100EDA7CC /* Arpanauts.m4a in Resources */,
				F3F4E9A317CCE0E100EDA7CC /* Ascending.m4a in Resources */,
				F3F4E9A417CCE0E100EDA7CC /* Come_and_Find_Me.m4a in Resources */,
				F3F4E9A517CCE0E100EDA7CC /* Digital_Native.m4a in Resources */,
				F3F4E9A617CCE0E100EDA7CC /* HHavok-intro.m4a in Resources */,
				F3F4E9A717CCE0E100EDA7CC /* HHavok-main.m4a in Resources */,
				F3F4E9A817CCE0E100EDA7CC /* LICENSE.md in Resources */,
				F3F4E9A917CCE0E100EDA7CC /* Searching.m4a in Resources */,
				F378EF321A366D7600380D03 /* btn_play.png in Resources */,
				F3F4E9AA17CCE0E100EDA7CC /* Underclocked.m4a in Resources */,
				F3F4E9AB17CCE0E100EDA7CC /* We're_the_Resistors.m4a in Resources */,
				F378EF2E1A366D2600380D03 /* btn_play@2x.png in Resources */,
			);
			runOnlyForDeploymentPostprocessing = 0;
		};
/* End PBXResourcesBuildPhase section */

/* Begin PBXSourcesBuildPhase section */
		35DF6438138C40D500FF9459 /* Sources */ = {
			isa = PBXSourcesBuildPhase;
			buildActionMask = 2147483647;
			files = (
				35DF644E138C40D500FF9459 /* main.m in Sources */,
				35DF6451138C40D500FF9459 /* AsteroidsAppDelegate.m in Sources */,
				F374124E17C95E1000AF822B /* VKGLView.m in Sources */,
				F38B0ADA17C9EBAD001951BA /* VKViewController.m in Sources */,
				F38B0B7517CA525E001951BA /* CC3Foundation.m in Sources */,
				F378EF1F1A3657CF00380D03 /* UIButton+ZIMAsteroidsButtons.m in Sources */,
				F38B0B7617CA525E001951BA /* CC3GLMatrix.m in Sources */,
				F38B0B7717CA525E001951BA /* CC3Kazmath.c in Sources */,
				F38B0B7817CA525E001951BA /* CC3Math.m in Sources */,
				F3E26B531A35BABB0053111A /* ZIMSFXController.m in Sources */,
				F38B0B7B17CA525E001951BA /* VKAsteroid.m in Sources */,
				F38B0B7C17CA525E001951BA /* VKGameObject.m in Sources */,
				F378EF221A36601800380D03 /* ZIMAnimationContainerView.m in Sources */,
				F378EF1A1A35FC7700380D03 /* ZIMGameWorldController.m in Sources */,
				F38B0B7D17CA525E001951BA /* VKMissle.m in Sources */,
				F38B0B7E17CA525E001951BA /* VKShip.m in Sources */,
				F38B0B9C17CA525E001951BA /* JSAnalogueStick.m in Sources */,
				F38B0B9D17CA525E001951BA /* JSButton.m in Sources */,
				F38B0B9E17CA525E001951BA /* JSControlLayout.m in Sources */,
				F38B0B9F17CA525E001951BA /* JSDPad.m in Sources */,
				F38B0BA817CA9B03001951BA /* VKStar.m in Sources */,
				F378EF111A35D0BE00380D03 /* ZIMRingEnumertor.m in Sources */,
				F3F4E99417CCD66700EDA7CC /* VKPlayer.m in Sources */,
			);
			runOnlyForDeploymentPostprocessing = 0;
		};
/* End PBXSourcesBuildPhase section */

/* Begin PBXVariantGroup section */
		35DF6449138C40D500FF9459 /* InfoPlist.strings */ = {
			isa = PBXVariantGroup;
			children = (
				35DF644A138C40D500FF9459 /* en */,
			);
			name = InfoPlist.strings;
			sourceTree = "<group>";
		};
		35DF6452138C40D500FF9459 /* MainWindow.xib */ = {
			isa = PBXVariantGroup;
			children = (
				35DF6453138C40D500FF9459 /* en */,
			);
			name = MainWindow.xib;
			sourceTree = "<group>";
		};
/* End PBXVariantGroup section */

/* Begin XCBuildConfiguration section */
		35DF6455138C40D500FF9459 /* Debug */ = {
			isa = XCBuildConfiguration;
			buildSettings = {
				CLANG_ENABLE_MODULES = YES;
				"CODE_SIGN_IDENTITY[sdk=iphoneos*]" = "iPhone Developer";
				GCC_C_LANGUAGE_STANDARD = gnu99;
				GCC_OPTIMIZATION_LEVEL = 0;
				GCC_PREPROCESSOR_DEFINITIONS = DEBUG;
				GCC_SYMBOLS_PRIVATE_EXTERN = NO;
				GCC_VERSION = com.apple.compilers.llvmgcc42;
				GCC_WARN_ABOUT_RETURN_TYPE = YES;
				GCC_WARN_UNUSED_VARIABLE = YES;
				IPHONEOS_DEPLOYMENT_TARGET = 5.1;
				ONLY_ACTIVE_ARCH = YES;
				SDKROOT = iphoneos;
			};
			name = Debug;
		};
		35DF6456138C40D500FF9459 /* Release */ = {
			isa = XCBuildConfiguration;
			buildSettings = {
				CLANG_ENABLE_MODULES = YES;
				"CODE_SIGN_IDENTITY[sdk=iphoneos*]" = "iPhone Developer";
				GCC_C_LANGUAGE_STANDARD = gnu99;
				GCC_VERSION = com.apple.compilers.llvmgcc42;
				GCC_WARN_ABOUT_RETURN_TYPE = YES;
				GCC_WARN_UNUSED_VARIABLE = YES;
				IPHONEOS_DEPLOYMENT_TARGET = 5.1;
				OTHER_CFLAGS = "-DNS_BLOCK_ASSERTIONS=1";
				SDKROOT = iphoneos;
			};
			name = Release;
		};
		35DF6458138C40D500FF9459 /* Debug */ = {
			isa = XCBuildConfiguration;
			buildSettings = {
				ALWAYS_SEARCH_USER_PATHS = NO;
				CLANG_ENABLE_MODULES = YES;
				CLANG_ENABLE_OBJC_ARC = YES;
				COPY_PHASE_STRIP = NO;
				GCC_DYNAMIC_NO_PIC = NO;
				GCC_PRECOMPILE_PREFIX_HEADER = YES;
				GCC_PREFIX_HEADER = "Asteroids/Asteroids-Prefix.pch";
				GCC_VERSION = com.apple.compilers.llvm.clang.1_0;
				INFOPLIST_FILE = "Asteroids/Asteroids-Info.plist";
				IPHONEOS_DEPLOYMENT_TARGET = 7.0;
				PRODUCT_NAME = Asteroids;
				TARGETED_DEVICE_FAMILY = "1,2";
				WRAPPER_EXTENSION = app;
			};
			name = Debug;
		};
		35DF6459138C40D500FF9459 /* Release */ = {
			isa = XCBuildConfiguration;
			buildSettings = {
				ALWAYS_SEARCH_USER_PATHS = NO;
				CLANG_ENABLE_MODULES = YES;
				CLANG_ENABLE_OBJC_ARC = YES;
				COPY_PHASE_STRIP = YES;
				GCC_PRECOMPILE_PREFIX_HEADER = YES;
				GCC_PREFIX_HEADER = "Asteroids/Asteroids-Prefix.pch";
				GCC_VERSION = com.apple.compilers.llvm.clang.1_0;
				INFOPLIST_FILE = "Asteroids/Asteroids-Info.plist";
				IPHONEOS_DEPLOYMENT_TARGET = 7.0;
				PRODUCT_NAME = Asteroids;
				TARGETED_DEVICE_FAMILY = "1,2";
				VALIDATE_PRODUCT = YES;
				WRAPPER_EXTENSION = app;
			};
			name = Release;
		};
/* End XCBuildConfiguration section */

/* Begin XCConfigurationList section */
		35DF6436138C40D500FF9459 /* Build configuration list for PBXProject "Asteroids" */ = {
			isa = XCConfigurationList;
			buildConfigurations = (
				35DF6455138C40D500FF9459 /* Debug */,
				35DF6456138C40D500FF9459 /* Release */,
			);
			defaultConfigurationIsVisible = 0;
			defaultConfigurationName = Release;
		};
		35DF6457138C40D500FF9459 /* Build configuration list for PBXNativeTarget "Asteroids" */ = {
			isa = XCConfigurationList;
			buildConfigurations = (
				35DF6458138C40D500FF9459 /* Debug */,
				35DF6459138C40D500FF9459 /* Release */,
			);
			defaultConfigurationIsVisible = 0;
			defaultConfigurationName = Release;
		};
/* End XCConfigurationList section */
	};
	rootObject = 35DF6433138C40D500FF9459 /* Project object */;
}
