// !$*UTF8*$!
{
	archiveVersion = 1;
	classes = {
	};
	objectVersion = 46;
	objects = {

/* Begin PBXBuildFile section */
		35DF6441138C40D500FF9459 /* UIKit.framework in Frameworks */ = {isa = PBXBuildFile; fileRef = 35DF6440138C40D500FF9459 /* UIKit.framework */; };
		35DF6443138C40D500FF9459 /* Foundation.framework in Frameworks */ = {isa = PBXBuildFile; fileRef = 35DF6442138C40D500FF9459 /* Foundation.framework */; };
		35DF6445138C40D500FF9459 /* CoreGraphics.framework in Frameworks */ = {isa = PBXBuildFile; fileRef = 35DF6444138C40D500FF9459 /* CoreGraphics.framework */; };
		35DF644B138C40D500FF9459 /* InfoPlist.strings in Resources */ = {isa = PBXBuildFile; fileRef = 35DF6449138C40D500FF9459 /* InfoPlist.strings */; };
		35DF644E138C40D500FF9459 /* main.m in Sources */ = {isa = PBXBuildFile; fileRef = 35DF644D138C40D500FF9459 /* main.m */; };
		35DF6451138C40D500FF9459 /* AsteroidsAppDelegate.m in Sources */ = {isa = PBXBuildFile; fileRef = 35DF6450138C40D500FF9459 /* AsteroidsAppDelegate.m */; };
		35DF6454138C40D500FF9459 /* MainWindow.xib in Resources */ = {isa = PBXBuildFile; fileRef = 35DF6452138C40D500FF9459 /* MainWindow.xib */; };
		35DF645E138C427700FF9459 /* QuartzCore.framework in Frameworks */ = {isa = PBXBuildFile; fileRef = 35DF645D138C427700FF9459 /* QuartzCore.framework */; };
		35DF6460138C427E00FF9459 /* OpenGLES.framework in Frameworks */ = {isa = PBXBuildFile; fileRef = 35DF645F138C427E00FF9459 /* OpenGLES.framework */; };
		6BEF7E6F1D213BA9003EF135 /* JSAnalogueStick+ZIMStick.m in Sources */ = {isa = PBXBuildFile; fileRef = 6BEF7E6E1D213BA9003EF135 /* JSAnalogueStick+ZIMStick.m */; };
		6BEF7E721D2178A0003EF135 /* ZIMJoystikButton.m in Sources */ = {isa = PBXBuildFile; fileRef = 6BEF7E711D2178A0003EF135 /* ZIMJoystikButton.m */; };
		6BEF7E7D1D218716003EF135 /* Images.xcassets in Resources */ = {isa = PBXBuildFile; fileRef = 6BEF7E7C1D218716003EF135 /* Images.xcassets */; };
		6BEF7E7F1D218873003EF135 /* Launch Screen.storyboard in Resources */ = {isa = PBXBuildFile; fileRef = 6BEF7E7E1D218873003EF135 /* Launch Screen.storyboard */; };
		6BEF7E8F1D21B86A003EF135 /* death.m4a in Resources */ = {isa = PBXBuildFile; fileRef = 6BEF7E8C1D21B86A003EF135 /* death.m4a */; };
		6BEF7E901D21B86A003EF135 /* explosion.m4a in Resources */ = {isa = PBXBuildFile; fileRef = 6BEF7E8D1D21B86A003EF135 /* explosion.m4a */; };
		6BEF7E911D21B86A003EF135 /* blast.m4a in Resources */ = {isa = PBXBuildFile; fileRef = 6BEF7E8E1D21B86A003EF135 /* blast.m4a */; };
		6BEF7E951D21B876003EF135 /* trench100free.otf in Resources */ = {isa = PBXBuildFile; fileRef = 6BEF7E921D21B876003EF135 /* trench100free.otf */; };
		6BEF7E961D21B876003EF135 /* Orbitron Light.otf in Resources */ = {isa = PBXBuildFile; fileRef = 6BEF7E931D21B876003EF135 /* Orbitron Light.otf */; };
		6BEF7E971D21B876003EF135 /* Orbitron Medium.otf in Resources */ = {isa = PBXBuildFile; fileRef = 6BEF7E941D21B876003EF135 /* Orbitron Medium.otf */; };
		6BEF7EA21D21B882003EF135 /* Searching.m4a in Resources */ = {isa = PBXBuildFile; fileRef = 6BEF7E981D21B882003EF135 /* Searching.m4a */; };
		6BEF7EA31D21B882003EF135 /* Ascending.m4a in Resources */ = {isa = PBXBuildFile; fileRef = 6BEF7E991D21B882003EF135 /* Ascending.m4a */; };
		6BEF7EA41D21B882003EF135 /* Come_and_Find_Me.m4a in Resources */ = {isa = PBXBuildFile; fileRef = 6BEF7E9A1D21B882003EF135 /* Come_and_Find_Me.m4a */; };
		6BEF7EA51D21B882003EF135 /* Digital_Native.m4a in Resources */ = {isa = PBXBuildFile; fileRef = 6BEF7E9B1D21B882003EF135 /* Digital_Native.m4a */; };
		6BEF7EA61D21B882003EF135 /* HHavok-intro.m4a in Resources */ = {isa = PBXBuildFile; fileRef = 6BEF7E9C1D21B882003EF135 /* HHavok-intro.m4a */; };
		6BEF7EA71D21B882003EF135 /* HHavok-main.m4a in Resources */ = {isa = PBXBuildFile; fileRef = 6BEF7E9D1D21B882003EF135 /* HHavok-main.m4a */; };
		6BEF7EA81D21B882003EF135 /* Underclocked.m4a in Resources */ = {isa = PBXBuildFile; fileRef = 6BEF7E9E1D21B882003EF135 /* Underclocked.m4a */; };
		6BEF7EA91D21B882003EF135 /* We're_the_Resistors.m4a in Resources */ = {isa = PBXBuildFile; fileRef = 6BEF7E9F1D21B882003EF135 /* We're_the_Resistors.m4a */; };
		6BEF7EAA1D21B882003EF135 /* All_of_Us.m4a in Resources */ = {isa = PBXBuildFile; fileRef = 6BEF7EA01D21B882003EF135 /* All_of_Us.m4a */; };
		6BEF7EAB1D21B882003EF135 /* Arpanauts.m4a in Resources */ = {isa = PBXBuildFile; fileRef = 6BEF7EA11D21B882003EF135 /* Arpanauts.m4a */; };
		6BEF7EB01D21B99A003EF135 /* MainWindow-iPad.xib in Resources */ = {isa = PBXBuildFile; fileRef = 6BEF7EAE1D21B99A003EF135 /* MainWindow-iPad.xib */; };
		6BEF7EBE1D21BA03003EF135 /* CC3Foundation.m in Sources */ = {isa = PBXBuildFile; fileRef = 6BEF7EB41D21BA03003EF135 /* CC3Foundation.m */; };
		6BEF7EBF1D21BA03003EF135 /* CC3GLMatrix.m in Sources */ = {isa = PBXBuildFile; fileRef = 6BEF7EB51D21BA03003EF135 /* CC3GLMatrix.m */; };
		6BEF7EC01D21BA03003EF135 /* CC3Kazmath.c in Sources */ = {isa = PBXBuildFile; fileRef = 6BEF7EB61D21BA03003EF135 /* CC3Kazmath.c */; };
		6BEF7EC11D21BA03003EF135 /* CC3Math.m in Sources */ = {isa = PBXBuildFile; fileRef = 6BEF7EB81D21BA03003EF135 /* CC3Math.m */; };
		6BEF7ECB1D21BA0F003EF135 /* JSController.xcassets in Resources */ = {isa = PBXBuildFile; fileRef = 6BEF7EC21D21BA0F003EF135 /* JSController.xcassets */; };
		6BEF7ECC1D21BA0F003EF135 /* JSAnalogueStick.m in Sources */ = {isa = PBXBuildFile; fileRef = 6BEF7EC41D21BA0F003EF135 /* JSAnalogueStick.m */; };
		6BEF7ECD1D21BA0F003EF135 /* JSButton.m in Sources */ = {isa = PBXBuildFile; fileRef = 6BEF7EC61D21BA0F003EF135 /* JSButton.m */; };
		6BEF7ECE1D21BA0F003EF135 /* JSControlLayout.m in Sources */ = {isa = PBXBuildFile; fileRef = 6BEF7EC81D21BA0F003EF135 /* JSControlLayout.m */; };
		6BEF7ECF1D21BA0F003EF135 /* JSDPad.m in Sources */ = {isa = PBXBuildFile; fileRef = 6BEF7ECA1D21BA0F003EF135 /* JSDPad.m */; };
		F33CB5A01A75152200F7482A /* VKShader.m in Sources */ = {isa = PBXBuildFile; fileRef = F33CB59F1A75152200F7482A /* VKShader.m */; };
		F374124E17C95E1000AF822B /* VKGLView.m in Sources */ = {isa = PBXBuildFile; fileRef = F374124D17C95E1000AF822B /* VKGLView.m */; };
		F375408A17CB360700B2D482 /* AudioToolbox.framework in Frameworks */ = {isa = PBXBuildFile; fileRef = F375408917CB360700B2D482 /* AudioToolbox.framework */; };
		F375408C17CB368200B2D482 /* AVFoundation.framework in Frameworks */ = {isa = PBXBuildFile; fileRef = F375408B17CB368200B2D482 /* AVFoundation.framework */; };
		F378EF111A35D0BE00380D03 /* ZIMRingEnumertor.m in Sources */ = {isa = PBXBuildFile; fileRef = F378EF101A35D0BE00380D03 /* ZIMRingEnumertor.m */; };
		F378EF1A1A35FC7700380D03 /* ZIMGameWorldController.m in Sources */ = {isa = PBXBuildFile; fileRef = F378EF191A35FC7700380D03 /* ZIMGameWorldController.m */; };
		F378EF1C1A36298100380D03 /* VKViewController.xib in Resources */ = {isa = PBXBuildFile; fileRef = F378EF1B1A36298100380D03 /* VKViewController.xib */; };
		F378EF1F1A3657CF00380D03 /* UIButton+ZIMAsteroidsButtons.m in Sources */ = {isa = PBXBuildFile; fileRef = F378EF1E1A3657CF00380D03 /* UIButton+ZIMAsteroidsButtons.m */; };
		F378EF221A36601800380D03 /* ZIMAnimationContainerView.m in Sources */ = {isa = PBXBuildFile; fileRef = F378EF211A36601800380D03 /* ZIMAnimationContainerView.m */; };
		F38954F61A3A0FE4000B5081 /* VKPlayer+ZIMAsteroidsPlaylist.m in Sources */ = {isa = PBXBuildFile; fileRef = F38954F51A3A0FE4000B5081 /* VKPlayer+ZIMAsteroidsPlaylist.m */; };
		F38B0ADA17C9EBAD001951BA /* VKViewController.m in Sources */ = {isa = PBXBuildFile; fileRef = F38B0AD917C9EBAD001951BA /* VKViewController.m */; };
		F38B0B7917CA525E001951BA /* SimpleFragment.glsl in Resources */ = {isa = PBXBuildFile; fileRef = F38B0B4417CA525E001951BA /* SimpleFragment.glsl */; };
		F38B0B7A17CA525E001951BA /* SimpleVertex.glsl in Resources */ = {isa = PBXBuildFile; fileRef = F38B0B4517CA525E001951BA /* SimpleVertex.glsl */; };
		F38B0B7C17CA525E001951BA /* VKActiveGameObject.m in Sources */ = {isa = PBXBuildFile; fileRef = F38B0B4917CA525E001951BA /* VKActiveGameObject.m */; };
		F38B0B7E17CA525E001951BA /* VKShip.m in Sources */ = {isa = PBXBuildFile; fileRef = F38B0B4E17CA525E001951BA /* VKShip.m */; };
		F3B5CD451A739E7900D091A0 /* VKStaticObjectsArray.m in Sources */ = {isa = PBXBuildFile; fileRef = F3B5CD441A739E7900D091A0 /* VKStaticObjectsArray.m */; };
		F3B5CD481A73A18000D091A0 /* VKStarsArray.m in Sources */ = {isa = PBXBuildFile; fileRef = F3B5CD471A73A18000D091A0 /* VKStarsArray.m */; };
		F3B5CD4B1A73A8AA00D091A0 /* VKMisslesArray.m in Sources */ = {isa = PBXBuildFile; fileRef = F3B5CD4A1A73A8AA00D091A0 /* VKMisslesArray.m */; };
		F3B5CD4E1A73AFB200D091A0 /* VKGameObjectsArray.m in Sources */ = {isa = PBXBuildFile; fileRef = F3B5CD4D1A73AFB200D091A0 /* VKGameObjectsArray.m */; };
		F3B5CD511A73BE5800D091A0 /* VKAsteroid.m in Sources */ = {isa = PBXBuildFile; fileRef = F3B5CD501A73BE5800D091A0 /* VKAsteroid.m */; };
		F3D0EF851A7A1176005A0D8B /* VKAsteroidsArray.m in Sources */ = {isa = PBXBuildFile; fileRef = F3D0EF841A7A1176005A0D8B /* VKAsteroidsArray.m */; };
		F3E26B531A35BABB0053111A /* ZIMSFXController.m in Sources */ = {isa = PBXBuildFile; fileRef = F3E26B521A35BABB0053111A /* ZIMSFXController.m */; };
		F3F4E99417CCD66700EDA7CC /* VKPlayer.m in Sources */ = {isa = PBXBuildFile; fileRef = F3F4E99317CCD66700EDA7CC /* VKPlayer.m */; };
/* End PBXBuildFile section */

/* Begin PBXFileReference section */
		04848F9CF2293A3FBD509149 /* libPods.a */ = {isa = PBXFileReference; explicitFileType = archive.ar; includeInIndex = 0; path = libPods.a; sourceTree = BUILT_PRODUCTS_DIR; };
		35DF643C138C40D500FF9459 /* Asteroids.app */ = {isa = PBXFileReference; explicitFileType = wrapper.application; includeInIndex = 0; path = Asteroids.app; sourceTree = BUILT_PRODUCTS_DIR; };
		35DF6440138C40D500FF9459 /* UIKit.framework */ = {isa = PBXFileReference; lastKnownFileType = wrapper.framework; name = UIKit.framework; path = System/Library/Frameworks/UIKit.framework; sourceTree = SDKROOT; };
		35DF6442138C40D500FF9459 /* Foundation.framework */ = {isa = PBXFileReference; lastKnownFileType = wrapper.framework; name = Foundation.framework; path = System/Library/Frameworks/Foundation.framework; sourceTree = SDKROOT; };
		35DF6444138C40D500FF9459 /* CoreGraphics.framework */ = {isa = PBXFileReference; lastKnownFileType = wrapper.framework; name = CoreGraphics.framework; path = System/Library/Frameworks/CoreGraphics.framework; sourceTree = SDKROOT; };
		35DF6448138C40D500FF9459 /* Asteroids-Info.plist */ = {isa = PBXFileReference; lastKnownFileType = text.plist.xml; path = "Asteroids-Info.plist"; sourceTree = "<group>"; };
		35DF644A138C40D500FF9459 /* en */ = {isa = PBXFileReference; lastKnownFileType = text.plist.strings; name = en; path = en.lproj/InfoPlist.strings; sourceTree = "<group>"; };
		35DF644C138C40D500FF9459 /* Asteroids-Prefix.pch */ = {isa = PBXFileReference; lastKnownFileType = sourcecode.c.h; path = "Asteroids-Prefix.pch"; sourceTree = "<group>"; };
		35DF644D138C40D500FF9459 /* main.m */ = {isa = PBXFileReference; lastKnownFileType = sourcecode.c.objc; path = main.m; sourceTree = "<group>"; };
		35DF644F138C40D500FF9459 /* AsteroidsAppDelegate.h */ = {isa = PBXFileReference; lastKnownFileType = sourcecode.c.h; path = AsteroidsAppDelegate.h; sourceTree = "<group>"; };
		35DF6450138C40D500FF9459 /* AsteroidsAppDelegate.m */ = {isa = PBXFileReference; lastKnownFileType = sourcecode.c.objc; path = AsteroidsAppDelegate.m; sourceTree = "<group>"; };
		35DF6453138C40D500FF9459 /* en */ = {isa = PBXFileReference; lastKnownFileType = file.xib; name = en; path = en.lproj/MainWindow.xib; sourceTree = "<group>"; };
		35DF645D138C427700FF9459 /* QuartzCore.framework */ = {isa = PBXFileReference; lastKnownFileType = wrapper.framework; name = QuartzCore.framework; path = System/Library/Frameworks/QuartzCore.framework; sourceTree = SDKROOT; };
		35DF645F138C427E00FF9459 /* OpenGLES.framework */ = {isa = PBXFileReference; lastKnownFileType = wrapper.framework; name = OpenGLES.framework; path = System/Library/Frameworks/OpenGLES.framework; sourceTree = SDKROOT; };
		38F8D2C3856F807B2B07192C /* Pods.release.xcconfig */ = {isa = PBXFileReference; includeInIndex = 1; lastKnownFileType = text.xcconfig; name = Pods.release.xcconfig; path = "Pods/Target Support Files/Pods/Pods.release.xcconfig"; sourceTree = "<group>"; };
		6BEF7E6D1D213BA9003EF135 /* JSAnalogueStick+ZIMStick.h */ = {isa = PBXFileReference; fileEncoding = 4; lastKnownFileType = sourcecode.c.h; path = "JSAnalogueStick+ZIMStick.h"; sourceTree = "<group>"; };
		6BEF7E6E1D213BA9003EF135 /* JSAnalogueStick+ZIMStick.m */ = {isa = PBXFileReference; fileEncoding = 4; lastKnownFileType = sourcecode.c.objc; path = "JSAnalogueStick+ZIMStick.m"; sourceTree = "<group>"; };
		6BEF7E701D2178A0003EF135 /* ZIMJoystikButton.h */ = {isa = PBXFileReference; fileEncoding = 4; lastKnownFileType = sourcecode.c.h; path = ZIMJoystikButton.h; sourceTree = "<group>"; };
		6BEF7E711D2178A0003EF135 /* ZIMJoystikButton.m */ = {isa = PBXFileReference; fileEncoding = 4; lastKnownFileType = sourcecode.c.objc; path = ZIMJoystikButton.m; sourceTree = "<group>"; };
		6BEF7E7C1D218716003EF135 /* Images.xcassets */ = {isa = PBXFileReference; lastKnownFileType = folder.assetcatalog; path = Images.xcassets; sourceTree = "<group>"; };
		6BEF7E7E1D218873003EF135 /* Launch Screen.storyboard */ = {isa = PBXFileReference; fileEncoding = 4; lastKnownFileType = file.storyboard; path = "Launch Screen.storyboard"; sourceTree = "<group>"; };
		6BEF7E8C1D21B86A003EF135 /* death.m4a */ = {isa = PBXFileReference; lastKnownFileType = file; path = death.m4a; sourceTree = "<group>"; };
		6BEF7E8D1D21B86A003EF135 /* explosion.m4a */ = {isa = PBXFileReference; lastKnownFileType = file; path = explosion.m4a; sourceTree = "<group>"; };
		6BEF7E8E1D21B86A003EF135 /* blast.m4a */ = {isa = PBXFileReference; lastKnownFileType = file; path = blast.m4a; sourceTree = "<group>"; };
		6BEF7E921D21B876003EF135 /* trench100free.otf */ = {isa = PBXFileReference; lastKnownFileType = file; name = trench100free.otf; path = Trench/trench100free.otf; sourceTree = "<group>"; };
		6BEF7E931D21B876003EF135 /* Orbitron Light.otf */ = {isa = PBXFileReference; lastKnownFileType = file; name = "Orbitron Light.otf"; path = "Orbitron/Orbitron Light.otf"; sourceTree = "<group>"; };
		6BEF7E941D21B876003EF135 /* Orbitron Medium.otf */ = {isa = PBXFileReference; lastKnownFileType = file; name = "Orbitron Medium.otf"; path = "Orbitron/Orbitron Medium.otf"; sourceTree = "<group>"; };
		6BEF7E981D21B882003EF135 /* Searching.m4a */ = {isa = PBXFileReference; lastKnownFileType = file; path = Searching.m4a; sourceTree = "<group>"; };
		6BEF7E991D21B882003EF135 /* Ascending.m4a */ = {isa = PBXFileReference; lastKnownFileType = file; path = Ascending.m4a; sourceTree = "<group>"; };
		6BEF7E9A1D21B882003EF135 /* Come_and_Find_Me.m4a */ = {isa = PBXFileReference; lastKnownFileType = file; path = Come_and_Find_Me.m4a; sourceTree = "<group>"; };
		6BEF7E9B1D21B882003EF135 /* Digital_Native.m4a */ = {isa = PBXFileReference; lastKnownFileType = file; path = Digital_Native.m4a; sourceTree = "<group>"; };
		6BEF7E9C1D21B882003EF135 /* HHavok-intro.m4a */ = {isa = PBXFileReference; lastKnownFileType = file; path = "HHavok-intro.m4a"; sourceTree = "<group>"; };
		6BEF7E9D1D21B882003EF135 /* HHavok-main.m4a */ = {isa = PBXFileReference; lastKnownFileType = file; path = "HHavok-main.m4a"; sourceTree = "<group>"; };
		6BEF7E9E1D21B882003EF135 /* Underclocked.m4a */ = {isa = PBXFileReference; lastKnownFileType = file; path = Underclocked.m4a; sourceTree = "<group>"; };
		6BEF7E9F1D21B882003EF135 /* We're_the_Resistors.m4a */ = {isa = PBXFileReference; lastKnownFileType = file; path = "We're_the_Resistors.m4a"; sourceTree = "<group>"; };
		6BEF7EA01D21B882003EF135 /* All_of_Us.m4a */ = {isa = PBXFileReference; lastKnownFileType = file; path = All_of_Us.m4a; sourceTree = "<group>"; };
		6BEF7EA11D21B882003EF135 /* Arpanauts.m4a */ = {isa = PBXFileReference; lastKnownFileType = file; path = Arpanauts.m4a; sourceTree = "<group>"; };
		6BEF7EAF1D21B99A003EF135 /* en */ = {isa = PBXFileReference; lastKnownFileType = file.xib; name = en; path = "en.lproj/MainWindow-iPad.xib"; sourceTree = "<group>"; };
		6BEF7EB41D21BA03003EF135 /* CC3Foundation.m */ = {isa = PBXFileReference; fileEncoding = 4; lastKnownFileType = sourcecode.c.objc; path = CC3Foundation.m; sourceTree = "<group>"; };
		6BEF7EB51D21BA03003EF135 /* CC3GLMatrix.m */ = {isa = PBXFileReference; fileEncoding = 4; lastKnownFileType = sourcecode.c.objc; path = CC3GLMatrix.m; sourceTree = "<group>"; };
		6BEF7EB61D21BA03003EF135 /* CC3Kazmath.c */ = {isa = PBXFileReference; fileEncoding = 4; lastKnownFileType = sourcecode.c.c; path = CC3Kazmath.c; sourceTree = "<group>"; };
		6BEF7EB71D21BA03003EF135 /* CC3GLMatrix.h */ = {isa = PBXFileReference; fileEncoding = 4; lastKnownFileType = sourcecode.c.h; path = CC3GLMatrix.h; sourceTree = "<group>"; };
		6BEF7EB81D21BA03003EF135 /* CC3Math.m */ = {isa = PBXFileReference; fileEncoding = 4; lastKnownFileType = sourcecode.c.objc; path = CC3Math.m; sourceTree = "<group>"; };
		6BEF7EB91D21BA03003EF135 /* CC3Foundation.h */ = {isa = PBXFileReference; fileEncoding = 4; lastKnownFileType = sourcecode.c.h; path = CC3Foundation.h; sourceTree = "<group>"; };
		6BEF7EBA1D21BA03003EF135 /* ccTypes.h */ = {isa = PBXFileReference; fileEncoding = 4; lastKnownFileType = sourcecode.c.h; path = ccTypes.h; sourceTree = "<group>"; };
		6BEF7EBB1D21BA03003EF135 /* CC3Kazmath.h */ = {isa = PBXFileReference; fileEncoding = 4; lastKnownFileType = sourcecode.c.h; path = CC3Kazmath.h; sourceTree = "<group>"; };
		6BEF7EBC1D21BA03003EF135 /* CC3Logging.h */ = {isa = PBXFileReference; fileEncoding = 4; lastKnownFileType = sourcecode.c.h; path = CC3Logging.h; sourceTree = "<group>"; };
		6BEF7EBD1D21BA03003EF135 /* CC3Math.h */ = {isa = PBXFileReference; fileEncoding = 4; lastKnownFileType = sourcecode.c.h; path = CC3Math.h; sourceTree = "<group>"; };
		6BEF7EC21D21BA0F003EF135 /* JSController.xcassets */ = {isa = PBXFileReference; lastKnownFileType = folder.assetcatalog; path = JSController.xcassets; sourceTree = "<group>"; };
		6BEF7EC31D21BA0F003EF135 /* JSAnalogueStick.h */ = {isa = PBXFileReference; fileEncoding = 4; lastKnownFileType = sourcecode.c.h; path = JSAnalogueStick.h; sourceTree = "<group>"; };
		6BEF7EC41D21BA0F003EF135 /* JSAnalogueStick.m */ = {isa = PBXFileReference; fileEncoding = 4; lastKnownFileType = sourcecode.c.objc; path = JSAnalogueStick.m; sourceTree = "<group>"; };
		6BEF7EC51D21BA0F003EF135 /* JSButton.h */ = {isa = PBXFileReference; fileEncoding = 4; lastKnownFileType = sourcecode.c.h; path = JSButton.h; sourceTree = "<group>"; };
		6BEF7EC61D21BA0F003EF135 /* JSButton.m */ = {isa = PBXFileReference; fileEncoding = 4; lastKnownFileType = sourcecode.c.objc; path = JSButton.m; sourceTree = "<group>"; };
		6BEF7EC71D21BA0F003EF135 /* JSControlLayout.h */ = {isa = PBXFileReference; fileEncoding = 4; lastKnownFileType = sourcecode.c.h; path = JSControlLayout.h; sourceTree = "<group>"; };
		6BEF7EC81D21BA0F003EF135 /* JSControlLayout.m */ = {isa = PBXFileReference; fileEncoding = 4; lastKnownFileType = sourcecode.c.objc; path = JSControlLayout.m; sourceTree = "<group>"; };
		6BEF7EC91D21BA0F003EF135 /* JSDPad.h */ = {isa = PBXFileReference; fileEncoding = 4; lastKnownFileType = sourcecode.c.h; path = JSDPad.h; sourceTree = "<group>"; };
		6BEF7ECA1D21BA0F003EF135 /* JSDPad.m */ = {isa = PBXFileReference; fileEncoding = 4; lastKnownFileType = sourcecode.c.objc; path = JSDPad.m; sourceTree = "<group>"; };
		BDE42F26979978B3B9C06561 /* Pods.debug.xcconfig */ = {isa = PBXFileReference; includeInIndex = 1; lastKnownFileType = text.xcconfig; name = Pods.debug.xcconfig; path = "Pods/Target Support Files/Pods/Pods.debug.xcconfig"; sourceTree = "<group>"; };
		F33CB59E1A75152200F7482A /* VKShader.h */ = {isa = PBXFileReference; fileEncoding = 4; lastKnownFileType = sourcecode.c.h; path = VKShader.h; sourceTree = "<group>"; };
		F33CB59F1A75152200F7482A /* VKShader.m */ = {isa = PBXFileReference; fileEncoding = 4; lastKnownFileType = sourcecode.c.objc; path = VKShader.m; sourceTree = "<group>"; };
		F374124C17C95E1000AF822B /* VKGLView.h */ = {isa = PBXFileReference; fileEncoding = 4; lastKnownFileType = sourcecode.c.h; path = VKGLView.h; sourceTree = "<group>"; };
		F374124D17C95E1000AF822B /* VKGLView.m */ = {isa = PBXFileReference; fileEncoding = 4; lastKnownFileType = sourcecode.c.objc; path = VKGLView.m; sourceTree = "<group>"; };
		F375408917CB360700B2D482 /* AudioToolbox.framework */ = {isa = PBXFileReference; lastKnownFileType = wrapper.framework; name = AudioToolbox.framework; path = System/Library/Frameworks/AudioToolbox.framework; sourceTree = SDKROOT; };
		F375408B17CB368200B2D482 /* AVFoundation.framework */ = {isa = PBXFileReference; lastKnownFileType = wrapper.framework; name = AVFoundation.framework; path = System/Library/Frameworks/AVFoundation.framework; sourceTree = SDKROOT; };
		F378EF0F1A35D0BE00380D03 /* ZIMRingEnumertor.h */ = {isa = PBXFileReference; fileEncoding = 4; lastKnownFileType = sourcecode.c.h; path = ZIMRingEnumertor.h; sourceTree = "<group>"; };
		F378EF101A35D0BE00380D03 /* ZIMRingEnumertor.m */ = {isa = PBXFileReference; fileEncoding = 4; lastKnownFileType = sourcecode.c.objc; path = ZIMRingEnumertor.m; sourceTree = "<group>"; };
		F378EF181A35FC7700380D03 /* ZIMGameWorldController.h */ = {isa = PBXFileReference; fileEncoding = 4; lastKnownFileType = sourcecode.c.h; path = ZIMGameWorldController.h; sourceTree = "<group>"; };
		F378EF191A35FC7700380D03 /* ZIMGameWorldController.m */ = {isa = PBXFileReference; fileEncoding = 4; lastKnownFileType = sourcecode.c.objc; path = ZIMGameWorldController.m; sourceTree = "<group>"; };
		F378EF1B1A36298100380D03 /* VKViewController.xib */ = {isa = PBXFileReference; fileEncoding = 4; lastKnownFileType = file.xib; path = VKViewController.xib; sourceTree = "<group>"; };
		F378EF1D1A3657CF00380D03 /* UIButton+ZIMAsteroidsButtons.h */ = {isa = PBXFileReference; fileEncoding = 4; lastKnownFileType = sourcecode.c.h; path = "UIButton+ZIMAsteroidsButtons.h"; sourceTree = "<group>"; };
		F378EF1E1A3657CF00380D03 /* UIButton+ZIMAsteroidsButtons.m */ = {isa = PBXFileReference; fileEncoding = 4; lastKnownFileType = sourcecode.c.objc; path = "UIButton+ZIMAsteroidsButtons.m"; sourceTree = "<group>"; };
		F378EF201A36601800380D03 /* ZIMAnimationContainerView.h */ = {isa = PBXFileReference; fileEncoding = 4; lastKnownFileType = sourcecode.c.h; path = ZIMAnimationContainerView.h; sourceTree = "<group>"; };
		F378EF211A36601800380D03 /* ZIMAnimationContainerView.m */ = {isa = PBXFileReference; fileEncoding = 4; lastKnownFileType = sourcecode.c.objc; path = ZIMAnimationContainerView.m; sourceTree = "<group>"; };
		F38954F41A3A0FE4000B5081 /* VKPlayer+ZIMAsteroidsPlaylist.h */ = {isa = PBXFileReference; fileEncoding = 4; lastKnownFileType = sourcecode.c.h; path = "VKPlayer+ZIMAsteroidsPlaylist.h"; sourceTree = "<group>"; };
		F38954F51A3A0FE4000B5081 /* VKPlayer+ZIMAsteroidsPlaylist.m */ = {isa = PBXFileReference; fileEncoding = 4; lastKnownFileType = sourcecode.c.objc; path = "VKPlayer+ZIMAsteroidsPlaylist.m"; sourceTree = "<group>"; };
		F38B0AD817C9EBAD001951BA /* VKViewController.h */ = {isa = PBXFileReference; fileEncoding = 4; lastKnownFileType = sourcecode.c.h; path = VKViewController.h; sourceTree = "<group>"; };
		F38B0AD917C9EBAD001951BA /* VKViewController.m */ = {isa = PBXFileReference; fileEncoding = 4; lastKnownFileType = sourcecode.c.objc; path = VKViewController.m; sourceTree = "<group>"; };
		F38B0B4417CA525E001951BA /* SimpleFragment.glsl */ = {isa = PBXFileReference; fileEncoding = 4; lastKnownFileType = text; path = SimpleFragment.glsl; sourceTree = "<group>"; };
		F38B0B4517CA525E001951BA /* SimpleVertex.glsl */ = {isa = PBXFileReference; fileEncoding = 4; lastKnownFileType = text; path = SimpleVertex.glsl; sourceTree = "<group>"; };
		F38B0B4817CA525E001951BA /* VKActiveGameObject.h */ = {isa = PBXFileReference; fileEncoding = 4; lastKnownFileType = sourcecode.c.h; path = VKActiveGameObject.h; sourceTree = "<group>"; };
		F38B0B4917CA525E001951BA /* VKActiveGameObject.m */ = {isa = PBXFileReference; fileEncoding = 4; lastKnownFileType = sourcecode.c.objc; path = VKActiveGameObject.m; sourceTree = "<group>"; };
		F38B0B4A17CA525E001951BA /* VKGLObject.h */ = {isa = PBXFileReference; fileEncoding = 4; lastKnownFileType = sourcecode.c.h; path = VKGLObject.h; sourceTree = "<group>"; };
		F38B0B4D17CA525E001951BA /* VKShip.h */ = {isa = PBXFileReference; fileEncoding = 4; lastKnownFileType = sourcecode.c.h; path = VKShip.h; sourceTree = "<group>"; };
		F38B0B4E17CA525E001951BA /* VKShip.m */ = {isa = PBXFileReference; fileEncoding = 4; lastKnownFileType = sourcecode.c.objc; path = VKShip.m; sourceTree = "<group>"; };
		F3B5CD431A739E7900D091A0 /* VKStaticObjectsArray.h */ = {isa = PBXFileReference; fileEncoding = 4; lastKnownFileType = sourcecode.c.h; path = VKStaticObjectsArray.h; sourceTree = "<group>"; };
		F3B5CD441A739E7900D091A0 /* VKStaticObjectsArray.m */ = {isa = PBXFileReference; fileEncoding = 4; lastKnownFileType = sourcecode.c.objc; path = VKStaticObjectsArray.m; sourceTree = "<group>"; };
		F3B5CD461A73A18000D091A0 /* VKStarsArray.h */ = {isa = PBXFileReference; fileEncoding = 4; lastKnownFileType = sourcecode.c.h; path = VKStarsArray.h; sourceTree = "<group>"; };
		F3B5CD471A73A18000D091A0 /* VKStarsArray.m */ = {isa = PBXFileReference; fileEncoding = 4; lastKnownFileType = sourcecode.c.objc; path = VKStarsArray.m; sourceTree = "<group>"; };
		F3B5CD491A73A8AA00D091A0 /* VKMisslesArray.h */ = {isa = PBXFileReference; fileEncoding = 4; lastKnownFileType = sourcecode.c.h; path = VKMisslesArray.h; sourceTree = "<group>"; };
		F3B5CD4A1A73A8AA00D091A0 /* VKMisslesArray.m */ = {isa = PBXFileReference; fileEncoding = 4; lastKnownFileType = sourcecode.c.objc; path = VKMisslesArray.m; sourceTree = "<group>"; };
		F3B5CD4C1A73AFB200D091A0 /* VKGameObjectsArray.h */ = {isa = PBXFileReference; fileEncoding = 4; lastKnownFileType = sourcecode.c.h; path = VKGameObjectsArray.h; sourceTree = "<group>"; };
		F3B5CD4D1A73AFB200D091A0 /* VKGameObjectsArray.m */ = {isa = PBXFileReference; fileEncoding = 4; lastKnownFileType = sourcecode.c.objc; path = VKGameObjectsArray.m; sourceTree = "<group>"; };
		F3B5CD4F1A73BE5800D091A0 /* VKAsteroid.h */ = {isa = PBXFileReference; fileEncoding = 4; lastKnownFileType = sourcecode.c.h; path = VKAsteroid.h; sourceTree = "<group>"; };
		F3B5CD501A73BE5800D091A0 /* VKAsteroid.m */ = {isa = PBXFileReference; fileEncoding = 4; lastKnownFileType = sourcecode.c.objc; path = VKAsteroid.m; sourceTree = "<group>"; };
		F3D0EF831A7A1176005A0D8B /* VKAsteroidsArray.h */ = {isa = PBXFileReference; fileEncoding = 4; lastKnownFileType = sourcecode.c.h; path = VKAsteroidsArray.h; sourceTree = "<group>"; };
		F3D0EF841A7A1176005A0D8B /* VKAsteroidsArray.m */ = {isa = PBXFileReference; fileEncoding = 4; lastKnownFileType = sourcecode.c.objc; path = VKAsteroidsArray.m; sourceTree = "<group>"; };
		F3E26B511A35BABB0053111A /* ZIMSFXController.h */ = {isa = PBXFileReference; fileEncoding = 4; lastKnownFileType = sourcecode.c.h; path = ZIMSFXController.h; sourceTree = "<group>"; };
		F3E26B521A35BABB0053111A /* ZIMSFXController.m */ = {isa = PBXFileReference; fileEncoding = 4; lastKnownFileType = sourcecode.c.objc; path = ZIMSFXController.m; sourceTree = "<group>"; };
		F3F4E99217CCD66700EDA7CC /* VKPlayer.h */ = {isa = PBXFileReference; fileEncoding = 4; lastKnownFileType = sourcecode.c.h; path = VKPlayer.h; sourceTree = "<group>"; };
		F3F4E99317CCD66700EDA7CC /* VKPlayer.m */ = {isa = PBXFileReference; fileEncoding = 4; lastKnownFileType = sourcecode.c.objc; path = VKPlayer.m; sourceTree = "<group>"; };
/* End PBXFileReference section */

/* Begin PBXFrameworksBuildPhase section */
		35DF6439138C40D500FF9459 /* Frameworks */ = {
			isa = PBXFrameworksBuildPhase;
			buildActionMask = 2147483647;
			files = (
				F375408C17CB368200B2D482 /* AVFoundation.framework in Frameworks */,
				F375408A17CB360700B2D482 /* AudioToolbox.framework in Frameworks */,
				35DF6460138C427E00FF9459 /* OpenGLES.framework in Frameworks */,
				35DF645E138C427700FF9459 /* QuartzCore.framework in Frameworks */,
				35DF6441138C40D500FF9459 /* UIKit.framework in Frameworks */,
				35DF6443138C40D500FF9459 /* Foundation.framework in Frameworks */,
				35DF6445138C40D500FF9459 /* CoreGraphics.framework in Frameworks */,
			);
			runOnlyForDeploymentPostprocessing = 0;
		};
/* End PBXFrameworksBuildPhase section */

/* Begin PBXGroup section */
		35DF6431138C40D500FF9459 = {
			isa = PBXGroup;
			children = (
				35DF6446138C40D500FF9459 /* Asteroids */,
				35DF643F138C40D500FF9459 /* Frameworks */,
				35DF643D138C40D500FF9459 /* Products */,
				3C660CBE8CC3CF921DFC869B /* Pods */,
			);
			sourceTree = "<group>";
		};
		35DF643D138C40D500FF9459 /* Products */ = {
			isa = PBXGroup;
			children = (
				35DF643C138C40D500FF9459 /* Asteroids.app */,
			);
			name = Products;
			sourceTree = "<group>";
		};
		35DF643F138C40D500FF9459 /* Frameworks */ = {
			isa = PBXGroup;
			children = (
				F375408B17CB368200B2D482 /* AVFoundation.framework */,
				F375408917CB360700B2D482 /* AudioToolbox.framework */,
				35DF645F138C427E00FF9459 /* OpenGLES.framework */,
				35DF645D138C427700FF9459 /* QuartzCore.framework */,
				35DF6440138C40D500FF9459 /* UIKit.framework */,
				35DF6442138C40D500FF9459 /* Foundation.framework */,
				35DF6444138C40D500FF9459 /* CoreGraphics.framework */,
				04848F9CF2293A3FBD509149 /* libPods.a */,
			);
			name = Frameworks;
			sourceTree = "<group>";
		};
		35DF6446138C40D500FF9459 /* Asteroids */ = {
			isa = PBXGroup;
			children = (
				6BEF7EB11D21B9AD003EF135 /* lib */,
				F37675FB17CB314500C8DEC4 /* Resources */,
				F38B0B4317CA525E001951BA /* GameObjects */,
				35DF644F138C40D500FF9459 /* AsteroidsAppDelegate.h */,
				35DF6450138C40D500FF9459 /* AsteroidsAppDelegate.m */,
				F374124C17C95E1000AF822B /* VKGLView.h */,
				F374124D17C95E1000AF822B /* VKGLView.m */,
				F378EF1B1A36298100380D03 /* VKViewController.xib */,
				F38B0AD817C9EBAD001951BA /* VKViewController.h */,
				F38B0AD917C9EBAD001951BA /* VKViewController.m */,
				6BEF7EAE1D21B99A003EF135 /* MainWindow-iPad.xib */,
				35DF6452138C40D500FF9459 /* MainWindow.xib */,
				35DF6447138C40D500FF9459 /* Supporting Files */,
				F3F4E99217CCD66700EDA7CC /* VKPlayer.h */,
				F3F4E99317CCD66700EDA7CC /* VKPlayer.m */,
				F3E26B511A35BABB0053111A /* ZIMSFXController.h */,
				F3E26B521A35BABB0053111A /* ZIMSFXController.m */,
				F378EF0F1A35D0BE00380D03 /* ZIMRingEnumertor.h */,
				F378EF101A35D0BE00380D03 /* ZIMRingEnumertor.m */,
				F378EF181A35FC7700380D03 /* ZIMGameWorldController.h */,
				F378EF191A35FC7700380D03 /* ZIMGameWorldController.m */,
				F378EF1D1A3657CF00380D03 /* UIButton+ZIMAsteroidsButtons.h */,
				F378EF1E1A3657CF00380D03 /* UIButton+ZIMAsteroidsButtons.m */,
				F378EF201A36601800380D03 /* ZIMAnimationContainerView.h */,
				F378EF211A36601800380D03 /* ZIMAnimationContainerView.m */,
				F38954F41A3A0FE4000B5081 /* VKPlayer+ZIMAsteroidsPlaylist.h */,
				F38954F51A3A0FE4000B5081 /* VKPlayer+ZIMAsteroidsPlaylist.m */,
				6BEF7E6D1D213BA9003EF135 /* JSAnalogueStick+ZIMStick.h */,
				6BEF7E6E1D213BA9003EF135 /* JSAnalogueStick+ZIMStick.m */,
				6BEF7E701D2178A0003EF135 /* ZIMJoystikButton.h */,
				6BEF7E711D2178A0003EF135 /* ZIMJoystikButton.m */,
			);
			path = Asteroids;
			sourceTree = "<group>";
		};
		35DF6447138C40D500FF9459 /* Supporting Files */ = {
			isa = PBXGroup;
			children = (
				35DF6448138C40D500FF9459 /* Asteroids-Info.plist */,
				35DF6449138C40D500FF9459 /* InfoPlist.strings */,
				35DF644C138C40D500FF9459 /* Asteroids-Prefix.pch */,
				35DF644D138C40D500FF9459 /* main.m */,
			);
			name = "Supporting Files";
			sourceTree = "<group>";
		};
		3C660CBE8CC3CF921DFC869B /* Pods */ = {
			isa = PBXGroup;
			children = (
				BDE42F26979978B3B9C06561 /* Pods.debug.xcconfig */,
				38F8D2C3856F807B2B07192C /* Pods.release.xcconfig */,
			);
			name = Pods;
			sourceTree = "<group>";
		};
		6BEF7E751D21856A003EF135 /* Fonts */ = {
			isa = PBXGroup;
			children = (
				6BEF7E921D21B876003EF135 /* trench100free.otf */,
				6BEF7E931D21B876003EF135 /* Orbitron Light.otf */,
				6BEF7E941D21B876003EF135 /* Orbitron Medium.otf */,
			);
			path = Fonts;
			sourceTree = "<group>";
		};
		6BEF7E851D21B7EE003EF135 /* SFX */ = {
			isa = PBXGroup;
			children = (
				6BEF7E8C1D21B86A003EF135 /* death.m4a */,
				6BEF7E8D1D21B86A003EF135 /* explosion.m4a */,
				6BEF7E8E1D21B86A003EF135 /* blast.m4a */,
			);
			path = SFX;
			sourceTree = "<group>";
		};
		6BEF7EB11D21B9AD003EF135 /* lib */ = {
			isa = PBXGroup;
			children = (
				6BEF7EB31D21B9E1003EF135 /* CC3 */,
				6BEF7EB21D21B9D3003EF135 /* JSController */,
			);
			name = lib;
			path = ../lib;
			sourceTree = "<group>";
		};
		6BEF7EB21D21B9D3003EF135 /* JSController */ = {
			isa = PBXGroup;
			children = (
				6BEF7EC21D21BA0F003EF135 /* JSController.xcassets */,
				6BEF7EC31D21BA0F003EF135 /* JSAnalogueStick.h */,
				6BEF7EC41D21BA0F003EF135 /* JSAnalogueStick.m */,
				6BEF7EC51D21BA0F003EF135 /* JSButton.h */,
				6BEF7EC61D21BA0F003EF135 /* JSButton.m */,
				6BEF7EC71D21BA0F003EF135 /* JSControlLayout.h */,
				6BEF7EC81D21BA0F003EF135 /* JSControlLayout.m */,
				6BEF7EC91D21BA0F003EF135 /* JSDPad.h */,
				6BEF7ECA1D21BA0F003EF135 /* JSDPad.m */,
			);
			path = JSController;
			sourceTree = "<group>";
		};
		6BEF7EB31D21B9E1003EF135 /* CC3 */ = {
			isa = PBXGroup;
			children = (
				6BEF7EB41D21BA03003EF135 /* CC3Foundation.m */,
				6BEF7EB51D21BA03003EF135 /* CC3GLMatrix.m */,
				6BEF7EB61D21BA03003EF135 /* CC3Kazmath.c */,
				6BEF7EB71D21BA03003EF135 /* CC3GLMatrix.h */,
				6BEF7EB81D21BA03003EF135 /* CC3Math.m */,
				6BEF7EB91D21BA03003EF135 /* CC3Foundation.h */,
				6BEF7EBA1D21BA03003EF135 /* ccTypes.h */,
				6BEF7EBB1D21BA03003EF135 /* CC3Kazmath.h */,
				6BEF7EBC1D21BA03003EF135 /* CC3Logging.h */,
				6BEF7EBD1D21BA03003EF135 /* CC3Math.h */,
			);
			path = CC3;
			sourceTree = "<group>";
		};
		F37675FB17CB314500C8DEC4 /* Resources */ = {
			isa = PBXGroup;
			children = (
				6BEF7E851D21B7EE003EF135 /* SFX */,
				6BEF7E751D21856A003EF135 /* Fonts */,
				F3F4E99517CCE0E100EDA7CC /* Music */,
				6BEF7E7C1D218716003EF135 /* Images.xcassets */,
				6BEF7E7E1D218873003EF135 /* Launch Screen.storyboard */,
			);
			path = Resources;
			sourceTree = "<group>";
		};
		F38B0B4317CA525E001951BA /* GameObjects */ = {
			isa = PBXGroup;
			children = (
				F38B0B4417CA525E001951BA /* SimpleFragment.glsl */,
				F38B0B4517CA525E001951BA /* SimpleVertex.glsl */,
				F33CB59E1A75152200F7482A /* VKShader.h */,
				F33CB59F1A75152200F7482A /* VKShader.m */,
				F38B0B4A17CA525E001951BA /* VKGLObject.h */,
				F3B5CD431A739E7900D091A0 /* VKStaticObjectsArray.h */,
				F3B5CD441A739E7900D091A0 /* VKStaticObjectsArray.m */,
				F3B5CD4C1A73AFB200D091A0 /* VKGameObjectsArray.h */,
				F3B5CD4D1A73AFB200D091A0 /* VKGameObjectsArray.m */,
				F38B0B4817CA525E001951BA /* VKActiveGameObject.h */,
				F38B0B4917CA525E001951BA /* VKActiveGameObject.m */,
				F38B0B4D17CA525E001951BA /* VKShip.h */,
				F38B0B4E17CA525E001951BA /* VKShip.m */,
				F3B5CD461A73A18000D091A0 /* VKStarsArray.h */,
				F3B5CD471A73A18000D091A0 /* VKStarsArray.m */,
				F3B5CD491A73A8AA00D091A0 /* VKMisslesArray.h */,
				F3B5CD4A1A73A8AA00D091A0 /* VKMisslesArray.m */,
				F3B5CD4F1A73BE5800D091A0 /* VKAsteroid.h */,
				F3B5CD501A73BE5800D091A0 /* VKAsteroid.m */,
				F3D0EF831A7A1176005A0D8B /* VKAsteroidsArray.h */,
				F3D0EF841A7A1176005A0D8B /* VKAsteroidsArray.m */,
			);
			path = GameObjects;
			sourceTree = "<group>";
		};
		F3F4E99517CCE0E100EDA7CC /* Music */ = {
			isa = PBXGroup;
			children = (
				6BEF7E981D21B882003EF135 /* Searching.m4a */,
				6BEF7E991D21B882003EF135 /* Ascending.m4a */,
				6BEF7E9A1D21B882003EF135 /* Come_and_Find_Me.m4a */,
				6BEF7E9B1D21B882003EF135 /* Digital_Native.m4a */,
				6BEF7E9C1D21B882003EF135 /* HHavok-intro.m4a */,
				6BEF7E9D1D21B882003EF135 /* HHavok-main.m4a */,
				6BEF7E9E1D21B882003EF135 /* Underclocked.m4a */,
				6BEF7E9F1D21B882003EF135 /* We're_the_Resistors.m4a */,
				6BEF7EA01D21B882003EF135 /* All_of_Us.m4a */,
				6BEF7EA11D21B882003EF135 /* Arpanauts.m4a */,
			);
			path = Music;
			sourceTree = "<group>";
		};
/* End PBXGroup section */

/* Begin PBXNativeTarget section */
		35DF643B138C40D500FF9459 /* Asteroids */ = {
			isa = PBXNativeTarget;
			buildConfigurationList = 35DF6457138C40D500FF9459 /* Build configuration list for PBXNativeTarget "Asteroids" */;
			buildPhases = (
				35DF6438138C40D500FF9459 /* Sources */,
				35DF6439138C40D500FF9459 /* Frameworks */,
				35DF643A138C40D500FF9459 /* Resources */,
			);
			buildRules = (
			);
			dependencies = (
			);
			name = Asteroids;
			productName = HelloOpenGL;
			productReference = 35DF643C138C40D500FF9459 /* Asteroids.app */;
			productType = "com.apple.product-type.application";
		};
/* End PBXNativeTarget section */

/* Begin PBXProject section */
		35DF6433138C40D500FF9459 /* Project object */ = {
			isa = PBXProject;
			attributes = {
				LastUpgradeCheck = 0730;
				TargetAttributes = {
					35DF643B138C40D500FF9459 = {
						DevelopmentTeam = ENT9X9U544;
					};
				};
			};
			buildConfigurationList = 35DF6436138C40D500FF9459 /* Build configuration list for PBXProject "Asteroids" */;
			compatibilityVersion = "Xcode 3.2";
			developmentRegion = English;
			hasScannedForEncodings = 0;
			knownRegions = (
				en,
			);
			mainGroup = 35DF6431138C40D500FF9459;
			productRefGroup = 35DF643D138C40D500FF9459 /* Products */;
			projectDirPath = "";
			projectRoot = "";
			targets = (
				35DF643B138C40D500FF9459 /* Asteroids */,
			);
		};
/* End PBXProject section */

/* Begin PBXResourcesBuildPhase section */
		35DF643A138C40D500FF9459 /* Resources */ = {
			isa = PBXResourcesBuildPhase;
			buildActionMask = 2147483647;
			files = (
				6BEF7EAB1D21B882003EF135 /* Arpanauts.m4a in Resources */,
				35DF644B138C40D500FF9459 /* InfoPlist.strings in Resources */,
				35DF6454138C40D500FF9459 /* MainWindow.xib in Resources */,
				6BEF7E971D21B876003EF135 /* Orbitron Medium.otf in Resources */,
				F38B0B7917CA525E001951BA /* SimpleFragment.glsl in Resources */,
				6BEF7E7D1D218716003EF135 /* Images.xcassets in Resources */,
				F38B0B7A17CA525E001951BA /* SimpleVertex.glsl in Resources */,
				6BEF7E8F1D21B86A003EF135 /* death.m4a in Resources */,
				6BEF7EA41D21B882003EF135 /* Come_and_Find_Me.m4a in Resources */,
				6BEF7EB01D21B99A003EF135 /* MainWindow-iPad.xib in Resources */,
				6BEF7EA31D21B882003EF135 /* Ascending.m4a in Resources */,
				6BEF7EA91D21B882003EF135 /* We're_the_Resistors.m4a in Resources */,
				6BEF7EA51D21B882003EF135 /* Digital_Native.m4a in Resources */,
				6BEF7EA81D21B882003EF135 /* Underclocked.m4a in Resources */,
				6BEF7E901D21B86A003EF135 /* explosion.m4a in Resources */,
				F378EF1C1A36298100380D03 /* VKViewController.xib in Resources */,
				6BEF7EA21D21B882003EF135 /* Searching.m4a in Resources */,
				6BEF7EAA1D21B882003EF135 /* All_of_Us.m4a in Resources */,
				6BEF7E7F1D218873003EF135 /* Launch Screen.storyboard in Resources */,
				6BEF7E961D21B876003EF135 /* Orbitron Light.otf in Resources */,
				6BEF7EA61D21B882003EF135 /* HHavok-intro.m4a in Resources */,
				6BEF7ECB1D21BA0F003EF135 /* JSController.xcassets in Resources */,
				6BEF7E911D21B86A003EF135 /* blast.m4a in Resources */,
				6BEF7EA71D21B882003EF135 /* HHavok-main.m4a in Resources */,
				6BEF7E951D21B876003EF135 /* trench100free.otf in Resources */,
			);
			runOnlyForDeploymentPostprocessing = 0;
		};
/* End PBXResourcesBuildPhase section */

/* Begin PBXSourcesBuildPhase section */
		35DF6438138C40D500FF9459 /* Sources */ = {
			isa = PBXSourcesBuildPhase;
			buildActionMask = 2147483647;
			files = (
				F3B5CD4E1A73AFB200D091A0 /* VKGameObjectsArray.m in Sources */,
				35DF644E138C40D500FF9459 /* main.m in Sources */,
				6BEF7ECD1D21BA0F003EF135 /* JSButton.m in Sources */,
				6BEF7E721D2178A0003EF135 /* ZIMJoystikButton.m in Sources */,
				35DF6451138C40D500FF9459 /* AsteroidsAppDelegate.m in Sources */,
				F3B5CD481A73A18000D091A0 /* VKStarsArray.m in Sources */,
				F374124E17C95E1000AF822B /* VKGLView.m in Sources */,
				6BEF7ECF1D21BA0F003EF135 /* JSDPad.m in Sources */,
				F38954F61A3A0FE4000B5081 /* VKPlayer+ZIMAsteroidsPlaylist.m in Sources */,
				F3B5CD4B1A73A8AA00D091A0 /* VKMisslesArray.m in Sources */,
				F38B0ADA17C9EBAD001951BA /* VKViewController.m in Sources */,
				6BEF7EC01D21BA03003EF135 /* CC3Kazmath.c in Sources */,
				6BEF7EBF1D21BA03003EF135 /* CC3GLMatrix.m in Sources */,
				F378EF1F1A3657CF00380D03 /* UIButton+ZIMAsteroidsButtons.m in Sources */,
				6BEF7EC11D21BA03003EF135 /* CC3Math.m in Sources */,
				6BEF7ECE1D21BA0F003EF135 /* JSControlLayout.m in Sources */,
				6BEF7E6F1D213BA9003EF135 /* JSAnalogueStick+ZIMStick.m in Sources */,
				F3E26B531A35BABB0053111A /* ZIMSFXController.m in Sources */,
				F3B5CD511A73BE5800D091A0 /* VKAsteroid.m in Sources */,
				F38B0B7C17CA525E001951BA /* VKActiveGameObject.m in Sources */,
				F378EF221A36601800380D03 /* ZIMAnimationContainerView.m in Sources */,
				F378EF1A1A35FC7700380D03 /* ZIMGameWorldController.m in Sources */,
				F3B5CD451A739E7900D091A0 /* VKStaticObjectsArray.m in Sources */,
				6BEF7ECC1D21BA0F003EF135 /* JSAnalogueStick.m in Sources */,
				6BEF7EBE1D21BA03003EF135 /* CC3Foundation.m in Sources */,
				F38B0B7E17CA525E001951BA /* VKShip.m in Sources */,
				F33CB5A01A75152200F7482A /* VKShader.m in Sources */,
				F378EF111A35D0BE00380D03 /* ZIMRingEnumertor.m in Sources */,
				F3F4E99417CCD66700EDA7CC /* VKPlayer.m in Sources */,
				F3D0EF851A7A1176005A0D8B /* VKAsteroidsArray.m in Sources */,
			);
			runOnlyForDeploymentPostprocessing = 0;
		};
/* End PBXSourcesBuildPhase section */

/* Begin PBXVariantGroup section */
		35DF6449138C40D500FF9459 /* InfoPlist.strings */ = {
			isa = PBXVariantGroup;
			children = (
				35DF644A138C40D500FF9459 /* en */,
			);
			name = InfoPlist.strings;
			sourceTree = "<group>";
		};
		35DF6452138C40D500FF9459 /* MainWindow.xib */ = {
			isa = PBXVariantGroup;
			children = (
				35DF6453138C40D500FF9459 /* en */,
			);
			name = MainWindow.xib;
			sourceTree = "<group>";
		};
		6BEF7EAE1D21B99A003EF135 /* MainWindow-iPad.xib */ = {
			isa = PBXVariantGroup;
			children = (
				6BEF7EAF1D21B99A003EF135 /* en */,
			);
			name = "MainWindow-iPad.xib";
			sourceTree = "<group>";
		};
/* End PBXVariantGroup section */

/* Begin XCBuildConfiguration section */
		35DF6455138C40D500FF9459 /* Debug */ = {
			isa = XCBuildConfiguration;
			buildSettings = {
				CLANG_ENABLE_MODULES = YES;
				"CODE_SIGN_IDENTITY[sdk=iphoneos*]" = "iPhone Developer";
				ENABLE_TESTABILITY = YES;
				GCC_C_LANGUAGE_STANDARD = gnu99;
				GCC_OPTIMIZATION_LEVEL = 0;
				GCC_PREPROCESSOR_DEFINITIONS = DEBUG;
				GCC_SYMBOLS_PRIVATE_EXTERN = NO;
				GCC_VERSION = com.apple.compilers.llvmgcc42;
				GCC_WARN_ABOUT_RETURN_TYPE = YES;
				GCC_WARN_UNUSED_VARIABLE = YES;
				IPHONEOS_DEPLOYMENT_TARGET = 8.0;
				ONLY_ACTIVE_ARCH = YES;
				SDKROOT = iphoneos;
			};
			name = Debug;
		};
		35DF6456138C40D500FF9459 /* Release */ = {
			isa = XCBuildConfiguration;
			buildSettings = {
				CLANG_ENABLE_MODULES = YES;
				"CODE_SIGN_IDENTITY[sdk=iphoneos*]" = "iPhone Developer";
				GCC_C_LANGUAGE_STANDARD = gnu99;
				GCC_VERSION = com.apple.compilers.llvmgcc42;
				GCC_WARN_ABOUT_RETURN_TYPE = YES;
				GCC_WARN_UNUSED_VARIABLE = YES;
				IPHONEOS_DEPLOYMENT_TARGET = 8.0;
				OTHER_CFLAGS = "-DNS_BLOCK_ASSERTIONS=1";
				SDKROOT = iphoneos;
			};
			name = Release;
		};
		35DF6458138C40D500FF9459 /* Debug */ = {
			isa = XCBuildConfiguration;
			buildSettings = {
				ALWAYS_SEARCH_USER_PATHS = NO;
				ASSETCATALOG_COMPILER_APPICON_NAME = AppIcon;
				CLANG_ENABLE_MODULES = YES;
				CLANG_ENABLE_OBJC_ARC = YES;
				CODE_SIGN_IDENTITY = "iPhone Developer";
				"CODE_SIGN_IDENTITY[sdk=iphoneos*]" = "iPhone Developer";
				COPY_PHASE_STRIP = NO;
				GCC_DYNAMIC_NO_PIC = NO;
				GCC_PRECOMPILE_PREFIX_HEADER = YES;
				GCC_PREFIX_HEADER = "Asteroids/Asteroids-Prefix.pch";
				GCC_VERSION = com.apple.compilers.llvm.clang.1_0;
				INFOPLIST_FILE = "Asteroids/Asteroids-Info.plist";
				IPHONEOS_DEPLOYMENT_TARGET = 8.0;
				PRODUCT_BUNDLE_IDENTIFIER = "com.kovtash.${PRODUCT_NAME:rfc1034identifier}";
				PRODUCT_NAME = Asteroids;
				PROVISIONING_PROFILE = "";
				TARGETED_DEVICE_FAMILY = "1,2";
				WRAPPER_EXTENSION = app;
			};
			name = Debug;
		};
		35DF6459138C40D500FF9459 /* Release */ = {
			isa = XCBuildConfiguration;
			buildSettings = {
				ALWAYS_SEARCH_USER_PATHS = NO;
				ASSETCATALOG_COMPILER_APPICON_NAME = AppIcon;
				CLANG_ENABLE_MODULES = YES;
				CLANG_ENABLE_OBJC_ARC = YES;
				CODE_SIGN_IDENTITY = "iPhone Developer";
				"CODE_SIGN_IDENTITY[sdk=iphoneos*]" = "iPhone Developer";
				COPY_PHASE_STRIP = YES;
				GCC_PRECOMPILE_PREFIX_HEADER = YES;
				GCC_PREFIX_HEADER = "Asteroids/Asteroids-Prefix.pch";
				GCC_VERSION = com.apple.compilers.llvm.clang.1_0;
				INFOPLIST_FILE = "Asteroids/Asteroids-Info.plist";
				IPHONEOS_DEPLOYMENT_TARGET = 8.0;
				PRODUCT_BUNDLE_IDENTIFIER = "com.kovtash.${PRODUCT_NAME:rfc1034identifier}";
				PRODUCT_NAME = Asteroids;
				PROVISIONING_PROFILE = "";
				TARGETED_DEVICE_FAMILY = "1,2";
				VALIDATE_PRODUCT = YES;
				WRAPPER_EXTENSION = app;
			};
			name = Release;
		};
/* End XCBuildConfiguration section */

/* Begin XCConfigurationList section */
		35DF6436138C40D500FF9459 /* Build configuration list for PBXProject "Asteroids" */ = {
			isa = XCConfigurationList;
			buildConfigurations = (
				35DF6455138C40D500FF9459 /* Debug */,
				35DF6456138C40D500FF9459 /* Release */,
			);
			defaultConfigurationIsVisible = 0;
			defaultConfigurationName = Release;
		};
		35DF6457138C40D500FF9459 /* Build configuration list for PBXNativeTarget "Asteroids" */ = {
			isa = XCConfigurationList;
			buildConfigurations = (
				35DF6458138C40D500FF9459 /* Debug */,
				35DF6459138C40D500FF9459 /* Release */,
			);
			defaultConfigurationIsVisible = 0;
			defaultConfigurationName = Release;
		};
/* End XCConfigurationList section */
	};
	rootObject = 35DF6433138C40D500FF9459 /* Project object */;
}
